
Microsoft Visual Studio Solution File, Format Version 12.00
# Visual Studio 15
VisualStudioVersion = 15.0.27924.0
MinimumVisualStudioVersion = 10.0.40219.1
Project("{FAE04EC0-301F-11D3-BF4B-00C04F79EFBC}") = "Sales.Android", "Sales\Sales.Android\Sales.Android.csproj", "{B56507BD-CCD9-4FCA-A924-942630B29EAB}"
EndProject
Project("{FAE04EC0-301F-11D3-BF4B-00C04F79EFBC}") = "Sales.iOS", "Sales\Sales.iOS\Sales.iOS.csproj", "{53D8CD88-7778-4F82-B301-AD15E335B68D}"
EndProject
Project("{FAE04EC0-301F-11D3-BF4B-00C04F79EFBC}") = "Sales.UWP", "Sales\Sales.UWP\Sales.UWP.csproj", "{DE8FE325-8B30-4E5A-9E7C-CC31E6EAAA52}"
EndProject
Project("{FAE04EC0-301F-11D3-BF4B-00C04F79EFBC}") = "Sales", "Sales\Sales\Sales.csproj", "{FEC8F3D2-741A-4BC4-BE0A-6ABBA814AAA8}"
EndProject
Project("{FAE04EC0-301F-11D3-BF4B-00C04F79EFBC}") = "Sales.Backend", "Sales.Backend\Sales.Backend.csproj", "{AB8A35AB-B11D-460D-9A5C-753D9CB1D293}"
EndProject
Project("{FAE04EC0-301F-11D3-BF4B-00C04F79EFBC}") = "Sales.API", "Sales.API\Sales.API.csproj", "{D948EDCE-C26A-43D2-BE6A-0399668074C5}"
EndProject
Project("{FAE04EC0-301F-11D3-BF4B-00C04F79EFBC}") = "Sales.Domain", "Sales.Domain\Sales.Domain.csproj", "{7D4227EC-DCF6-4CA7-9E4C-8994DCCC655D}"
EndProject
Project("{FAE04EC0-301F-11D3-BF4B-00C04F79EFBC}") = "Sales.Common", "Sales.Common\Sales.Common.csproj", "{A2037CDC-B3E8-4C3C-AC62-9433533BC2E7}"
EndProject
Global
	GlobalSection(SolutionConfigurationPlatforms) = preSolution
		Ad-Hoc|Any CPU = Ad-Hoc|Any CPU
		Ad-Hoc|ARM = Ad-Hoc|ARM
		Ad-Hoc|iPhone = Ad-Hoc|iPhone
		Ad-Hoc|iPhoneSimulator = Ad-Hoc|iPhoneSimulator
		Ad-Hoc|x64 = Ad-Hoc|x64
		Ad-Hoc|x86 = Ad-Hoc|x86
		AppStore|Any CPU = AppStore|Any CPU
		AppStore|ARM = AppStore|ARM
		AppStore|iPhone = AppStore|iPhone
		AppStore|iPhoneSimulator = AppStore|iPhoneSimulator
		AppStore|x64 = AppStore|x64
		AppStore|x86 = AppStore|x86
		Debug|Any CPU = Debug|Any CPU
		Debug|ARM = Debug|ARM
		Debug|iPhone = Debug|iPhone
		Debug|iPhoneSimulator = Debug|iPhoneSimulator
		Debug|x64 = Debug|x64
		Debug|x86 = Debug|x86
		Release|Any CPU = Release|Any CPU
		Release|ARM = Release|ARM
		Release|iPhone = Release|iPhone
		Release|iPhoneSimulator = Release|iPhoneSimulator
		Release|x64 = Release|x64
		Release|x86 = Release|x86
	EndGlobalSection
	GlobalSection(ProjectConfigurationPlatforms) = postSolution
		{B56507BD-CCD9-4FCA-A924-942630B29EAB}.Ad-Hoc|Any CPU.ActiveCfg = Release|Any CPU
		{B56507BD-CCD9-4FCA-A924-942630B29EAB}.Ad-Hoc|Any CPU.Build.0 = Release|Any CPU
		{B56507BD-CCD9-4FCA-A924-942630B29EAB}.Ad-Hoc|Any CPU.Deploy.0 = Release|Any CPU
		{B56507BD-CCD9-4FCA-A924-942630B29EAB}.Ad-Hoc|ARM.ActiveCfg = Release|Any CPU
		{B56507BD-CCD9-4FCA-A924-942630B29EAB}.Ad-Hoc|ARM.Build.0 = Release|Any CPU
		{B56507BD-CCD9-4FCA-A924-942630B29EAB}.Ad-Hoc|ARM.Deploy.0 = Release|Any CPU
		{B56507BD-CCD9-4FCA-A924-942630B29EAB}.Ad-Hoc|iPhone.ActiveCfg = Release|Any CPU
		{B56507BD-CCD9-4FCA-A924-942630B29EAB}.Ad-Hoc|iPhone.Build.0 = Release|Any CPU
		{B56507BD-CCD9-4FCA-A924-942630B29EAB}.Ad-Hoc|iPhone.Deploy.0 = Release|Any CPU
		{B56507BD-CCD9-4FCA-A924-942630B29EAB}.Ad-Hoc|iPhoneSimulator.ActiveCfg = Release|Any CPU
		{B56507BD-CCD9-4FCA-A924-942630B29EAB}.Ad-Hoc|iPhoneSimulator.Build.0 = Release|Any CPU
		{B56507BD-CCD9-4FCA-A924-942630B29EAB}.Ad-Hoc|iPhoneSimulator.Deploy.0 = Release|Any CPU
		{B56507BD-CCD9-4FCA-A924-942630B29EAB}.Ad-Hoc|x64.ActiveCfg = Release|Any CPU
		{B56507BD-CCD9-4FCA-A924-942630B29EAB}.Ad-Hoc|x64.Build.0 = Release|Any CPU
		{B56507BD-CCD9-4FCA-A924-942630B29EAB}.Ad-Hoc|x64.Deploy.0 = Release|Any CPU
		{B56507BD-CCD9-4FCA-A924-942630B29EAB}.Ad-Hoc|x86.ActiveCfg = Release|Any CPU
		{B56507BD-CCD9-4FCA-A924-942630B29EAB}.Ad-Hoc|x86.Build.0 = Release|Any CPU
		{B56507BD-CCD9-4FCA-A924-942630B29EAB}.Ad-Hoc|x86.Deploy.0 = Release|Any CPU
		{B56507BD-CCD9-4FCA-A924-942630B29EAB}.AppStore|Any CPU.ActiveCfg = Release|Any CPU
		{B56507BD-CCD9-4FCA-A924-942630B29EAB}.AppStore|Any CPU.Build.0 = Release|Any CPU
		{B56507BD-CCD9-4FCA-A924-942630B29EAB}.AppStore|Any CPU.Deploy.0 = Release|Any CPU
		{B56507BD-CCD9-4FCA-A924-942630B29EAB}.AppStore|ARM.ActiveCfg = Release|Any CPU
		{B56507BD-CCD9-4FCA-A924-942630B29EAB}.AppStore|ARM.Build.0 = Release|Any CPU
		{B56507BD-CCD9-4FCA-A924-942630B29EAB}.AppStore|ARM.Deploy.0 = Release|Any CPU
		{B56507BD-CCD9-4FCA-A924-942630B29EAB}.AppStore|iPhone.ActiveCfg = Release|Any CPU
		{B56507BD-CCD9-4FCA-A924-942630B29EAB}.AppStore|iPhone.Build.0 = Release|Any CPU
		{B56507BD-CCD9-4FCA-A924-942630B29EAB}.AppStore|iPhone.Deploy.0 = Release|Any CPU
		{B56507BD-CCD9-4FCA-A924-942630B29EAB}.AppStore|iPhoneSimulator.ActiveCfg = Release|Any CPU
		{B56507BD-CCD9-4FCA-A924-942630B29EAB}.AppStore|iPhoneSimulator.Build.0 = Release|Any CPU
		{B56507BD-CCD9-4FCA-A924-942630B29EAB}.AppStore|iPhoneSimulator.Deploy.0 = Release|Any CPU
		{B56507BD-CCD9-4FCA-A924-942630B29EAB}.AppStore|x64.ActiveCfg = Release|Any CPU
		{B56507BD-CCD9-4FCA-A924-942630B29EAB}.AppStore|x64.Build.0 = Release|Any CPU
		{B56507BD-CCD9-4FCA-A924-942630B29EAB}.AppStore|x64.Deploy.0 = Release|Any CPU
		{B56507BD-CCD9-4FCA-A924-942630B29EAB}.AppStore|x86.ActiveCfg = Release|Any CPU
		{B56507BD-CCD9-4FCA-A924-942630B29EAB}.AppStore|x86.Build.0 = Release|Any CPU
		{B56507BD-CCD9-4FCA-A924-942630B29EAB}.AppStore|x86.Deploy.0 = Release|Any CPU
		{B56507BD-CCD9-4FCA-A924-942630B29EAB}.Debug|Any CPU.ActiveCfg = Debug|Any CPU
		{B56507BD-CCD9-4FCA-A924-942630B29EAB}.Debug|Any CPU.Build.0 = Debug|Any CPU
		{B56507BD-CCD9-4FCA-A924-942630B29EAB}.Debug|Any CPU.Deploy.0 = Debug|Any CPU
		{B56507BD-CCD9-4FCA-A924-942630B29EAB}.Debug|ARM.ActiveCfg = Debug|Any CPU
		{B56507BD-CCD9-4FCA-A924-942630B29EAB}.Debug|ARM.Build.0 = Debug|Any CPU
		{B56507BD-CCD9-4FCA-A924-942630B29EAB}.Debug|ARM.Deploy.0 = Debug|Any CPU
		{B56507BD-CCD9-4FCA-A924-942630B29EAB}.Debug|iPhone.ActiveCfg = Debug|Any CPU
		{B56507BD-CCD9-4FCA-A924-942630B29EAB}.Debug|iPhone.Build.0 = Debug|Any CPU
		{B56507BD-CCD9-4FCA-A924-942630B29EAB}.Debug|iPhone.Deploy.0 = Debug|Any CPU
		{B56507BD-CCD9-4FCA-A924-942630B29EAB}.Debug|iPhoneSimulator.ActiveCfg = Debug|Any CPU
		{B56507BD-CCD9-4FCA-A924-942630B29EAB}.Debug|iPhoneSimulator.Build.0 = Debug|Any CPU
		{B56507BD-CCD9-4FCA-A924-942630B29EAB}.Debug|iPhoneSimulator.Deploy.0 = Debug|Any CPU
		{B56507BD-CCD9-4FCA-A924-942630B29EAB}.Debug|x64.ActiveCfg = Debug|Any CPU
		{B56507BD-CCD9-4FCA-A924-942630B29EAB}.Debug|x64.Build.0 = Debug|Any CPU
		{B56507BD-CCD9-4FCA-A924-942630B29EAB}.Debug|x64.Deploy.0 = Debug|Any CPU
		{B56507BD-CCD9-4FCA-A924-942630B29EAB}.Debug|x86.ActiveCfg = Debug|Any CPU
		{B56507BD-CCD9-4FCA-A924-942630B29EAB}.Debug|x86.Build.0 = Debug|Any CPU
		{B56507BD-CCD9-4FCA-A924-942630B29EAB}.Debug|x86.Deploy.0 = Debug|Any CPU
		{B56507BD-CCD9-4FCA-A924-942630B29EAB}.Release|Any CPU.ActiveCfg = Release|Any CPU
		{B56507BD-CCD9-4FCA-A924-942630B29EAB}.Release|Any CPU.Build.0 = Release|Any CPU
		{B56507BD-CCD9-4FCA-A924-942630B29EAB}.Release|Any CPU.Deploy.0 = Release|Any CPU
		{B56507BD-CCD9-4FCA-A924-942630B29EAB}.Release|ARM.ActiveCfg = Release|Any CPU
		{B56507BD-CCD9-4FCA-A924-942630B29EAB}.Release|ARM.Build.0 = Release|Any CPU
		{B56507BD-CCD9-4FCA-A924-942630B29EAB}.Release|ARM.Deploy.0 = Release|Any CPU
		{B56507BD-CCD9-4FCA-A924-942630B29EAB}.Release|iPhone.ActiveCfg = Release|Any CPU
		{B56507BD-CCD9-4FCA-A924-942630B29EAB}.Release|iPhone.Build.0 = Release|Any CPU
		{B56507BD-CCD9-4FCA-A924-942630B29EAB}.Release|iPhone.Deploy.0 = Release|Any CPU
		{B56507BD-CCD9-4FCA-A924-942630B29EAB}.Release|iPhoneSimulator.ActiveCfg = Release|Any CPU
		{B56507BD-CCD9-4FCA-A924-942630B29EAB}.Release|iPhoneSimulator.Build.0 = Release|Any CPU
		{B56507BD-CCD9-4FCA-A924-942630B29EAB}.Release|iPhoneSimulator.Deploy.0 = Release|Any CPU
		{B56507BD-CCD9-4FCA-A924-942630B29EAB}.Release|x64.ActiveCfg = Release|Any CPU
		{B56507BD-CCD9-4FCA-A924-942630B29EAB}.Release|x64.Build.0 = Release|Any CPU
		{B56507BD-CCD9-4FCA-A924-942630B29EAB}.Release|x64.Deploy.0 = Release|Any CPU
		{B56507BD-CCD9-4FCA-A924-942630B29EAB}.Release|x86.ActiveCfg = Release|Any CPU
		{B56507BD-CCD9-4FCA-A924-942630B29EAB}.Release|x86.Build.0 = Release|Any CPU
		{B56507BD-CCD9-4FCA-A924-942630B29EAB}.Release|x86.Deploy.0 = Release|Any CPU
		{53D8CD88-7778-4F82-B301-AD15E335B68D}.Ad-Hoc|Any CPU.ActiveCfg = Ad-Hoc|iPhone
		{53D8CD88-7778-4F82-B301-AD15E335B68D}.Ad-Hoc|Any CPU.Build.0 = Ad-Hoc|iPhone
		{53D8CD88-7778-4F82-B301-AD15E335B68D}.Ad-Hoc|Any CPU.Deploy.0 = Ad-Hoc|iPhone
		{53D8CD88-7778-4F82-B301-AD15E335B68D}.Ad-Hoc|ARM.ActiveCfg = Ad-Hoc|iPhone
		{53D8CD88-7778-4F82-B301-AD15E335B68D}.Ad-Hoc|ARM.Build.0 = Ad-Hoc|iPhone
		{53D8CD88-7778-4F82-B301-AD15E335B68D}.Ad-Hoc|ARM.Deploy.0 = Ad-Hoc|iPhone
		{53D8CD88-7778-4F82-B301-AD15E335B68D}.Ad-Hoc|iPhone.ActiveCfg = Ad-Hoc|iPhone
		{53D8CD88-7778-4F82-B301-AD15E335B68D}.Ad-Hoc|iPhone.Build.0 = Ad-Hoc|iPhone
		{53D8CD88-7778-4F82-B301-AD15E335B68D}.Ad-Hoc|iPhone.Deploy.0 = Ad-Hoc|iPhone
		{53D8CD88-7778-4F82-B301-AD15E335B68D}.Ad-Hoc|iPhoneSimulator.ActiveCfg = Ad-Hoc|iPhoneSimulator
		{53D8CD88-7778-4F82-B301-AD15E335B68D}.Ad-Hoc|iPhoneSimulator.Build.0 = Ad-Hoc|iPhoneSimulator
		{53D8CD88-7778-4F82-B301-AD15E335B68D}.Ad-Hoc|iPhoneSimulator.Deploy.0 = Ad-Hoc|iPhoneSimulator
		{53D8CD88-7778-4F82-B301-AD15E335B68D}.Ad-Hoc|x64.ActiveCfg = Ad-Hoc|iPhone
		{53D8CD88-7778-4F82-B301-AD15E335B68D}.Ad-Hoc|x64.Build.0 = Ad-Hoc|iPhone
		{53D8CD88-7778-4F82-B301-AD15E335B68D}.Ad-Hoc|x64.Deploy.0 = Ad-Hoc|iPhone
		{53D8CD88-7778-4F82-B301-AD15E335B68D}.Ad-Hoc|x86.ActiveCfg = Ad-Hoc|iPhone
		{53D8CD88-7778-4F82-B301-AD15E335B68D}.Ad-Hoc|x86.Build.0 = Ad-Hoc|iPhone
		{53D8CD88-7778-4F82-B301-AD15E335B68D}.Ad-Hoc|x86.Deploy.0 = Ad-Hoc|iPhone
		{53D8CD88-7778-4F82-B301-AD15E335B68D}.AppStore|Any CPU.ActiveCfg = AppStore|iPhone
		{53D8CD88-7778-4F82-B301-AD15E335B68D}.AppStore|Any CPU.Build.0 = AppStore|iPhone
		{53D8CD88-7778-4F82-B301-AD15E335B68D}.AppStore|Any CPU.Deploy.0 = AppStore|iPhone
		{53D8CD88-7778-4F82-B301-AD15E335B68D}.AppStore|ARM.ActiveCfg = AppStore|iPhone
		{53D8CD88-7778-4F82-B301-AD15E335B68D}.AppStore|ARM.Build.0 = AppStore|iPhone
		{53D8CD88-7778-4F82-B301-AD15E335B68D}.AppStore|ARM.Deploy.0 = AppStore|iPhone
		{53D8CD88-7778-4F82-B301-AD15E335B68D}.AppStore|iPhone.ActiveCfg = AppStore|iPhone
		{53D8CD88-7778-4F82-B301-AD15E335B68D}.AppStore|iPhone.Build.0 = AppStore|iPhone
		{53D8CD88-7778-4F82-B301-AD15E335B68D}.AppStore|iPhone.Deploy.0 = AppStore|iPhone
		{53D8CD88-7778-4F82-B301-AD15E335B68D}.AppStore|iPhoneSimulator.ActiveCfg = AppStore|iPhoneSimulator
		{53D8CD88-7778-4F82-B301-AD15E335B68D}.AppStore|iPhoneSimulator.Build.0 = AppStore|iPhoneSimulator
		{53D8CD88-7778-4F82-B301-AD15E335B68D}.AppStore|iPhoneSimulator.Deploy.0 = AppStore|iPhoneSimulator
		{53D8CD88-7778-4F82-B301-AD15E335B68D}.AppStore|x64.ActiveCfg = AppStore|iPhone
		{53D8CD88-7778-4F82-B301-AD15E335B68D}.AppStore|x64.Build.0 = AppStore|iPhone
		{53D8CD88-7778-4F82-B301-AD15E335B68D}.AppStore|x64.Deploy.0 = AppStore|iPhone
		{53D8CD88-7778-4F82-B301-AD15E335B68D}.AppStore|x86.ActiveCfg = AppStore|iPhone
		{53D8CD88-7778-4F82-B301-AD15E335B68D}.AppStore|x86.Build.0 = AppStore|iPhone
		{53D8CD88-7778-4F82-B301-AD15E335B68D}.AppStore|x86.Deploy.0 = AppStore|iPhone
		{53D8CD88-7778-4F82-B301-AD15E335B68D}.Debug|Any CPU.ActiveCfg = Debug|iPhoneSimulator
		{53D8CD88-7778-4F82-B301-AD15E335B68D}.Debug|Any CPU.Build.0 = Debug|iPhoneSimulator
		{53D8CD88-7778-4F82-B301-AD15E335B68D}.Debug|Any CPU.Deploy.0 = Debug|iPhoneSimulator
		{53D8CD88-7778-4F82-B301-AD15E335B68D}.Debug|ARM.ActiveCfg = Debug|iPhone
		{53D8CD88-7778-4F82-B301-AD15E335B68D}.Debug|ARM.Build.0 = Debug|iPhone
		{53D8CD88-7778-4F82-B301-AD15E335B68D}.Debug|ARM.Deploy.0 = Debug|iPhone
		{53D8CD88-7778-4F82-B301-AD15E335B68D}.Debug|iPhone.ActiveCfg = Debug|iPhone
		{53D8CD88-7778-4F82-B301-AD15E335B68D}.Debug|iPhone.Build.0 = Debug|iPhone
		{53D8CD88-7778-4F82-B301-AD15E335B68D}.Debug|iPhone.Deploy.0 = Debug|iPhone
		{53D8CD88-7778-4F82-B301-AD15E335B68D}.Debug|iPhoneSimulator.ActiveCfg = Debug|iPhoneSimulator
		{53D8CD88-7778-4F82-B301-AD15E335B68D}.Debug|iPhoneSimulator.Build.0 = Debug|iPhoneSimulator
		{53D8CD88-7778-4F82-B301-AD15E335B68D}.Debug|iPhoneSimulator.Deploy.0 = Debug|iPhoneSimulator
		{53D8CD88-7778-4F82-B301-AD15E335B68D}.Debug|x64.ActiveCfg = Debug|iPhone
		{53D8CD88-7778-4F82-B301-AD15E335B68D}.Debug|x64.Build.0 = Debug|iPhone
		{53D8CD88-7778-4F82-B301-AD15E335B68D}.Debug|x64.Deploy.0 = Debug|iPhone
		{53D8CD88-7778-4F82-B301-AD15E335B68D}.Debug|x86.ActiveCfg = Debug|iPhone
		{53D8CD88-7778-4F82-B301-AD15E335B68D}.Debug|x86.Build.0 = Debug|iPhone
		{53D8CD88-7778-4F82-B301-AD15E335B68D}.Debug|x86.Deploy.0 = Debug|iPhone
		{53D8CD88-7778-4F82-B301-AD15E335B68D}.Release|Any CPU.ActiveCfg = Release|iPhone
		{53D8CD88-7778-4F82-B301-AD15E335B68D}.Release|Any CPU.Build.0 = Release|iPhone
		{53D8CD88-7778-4F82-B301-AD15E335B68D}.Release|Any CPU.Deploy.0 = Release|iPhone
		{53D8CD88-7778-4F82-B301-AD15E335B68D}.Release|ARM.ActiveCfg = Release|iPhone
		{53D8CD88-7778-4F82-B301-AD15E335B68D}.Release|ARM.Build.0 = Release|iPhone
		{53D8CD88-7778-4F82-B301-AD15E335B68D}.Release|ARM.Deploy.0 = Release|iPhone
		{53D8CD88-7778-4F82-B301-AD15E335B68D}.Release|iPhone.ActiveCfg = Release|iPhone
		{53D8CD88-7778-4F82-B301-AD15E335B68D}.Release|iPhone.Build.0 = Release|iPhone
		{53D8CD88-7778-4F82-B301-AD15E335B68D}.Release|iPhone.Deploy.0 = Release|iPhone
		{53D8CD88-7778-4F82-B301-AD15E335B68D}.Release|iPhoneSimulator.ActiveCfg = Release|iPhoneSimulator
		{53D8CD88-7778-4F82-B301-AD15E335B68D}.Release|iPhoneSimulator.Build.0 = Release|iPhoneSimulator
		{53D8CD88-7778-4F82-B301-AD15E335B68D}.Release|iPhoneSimulator.Deploy.0 = Release|iPhoneSimulator
		{53D8CD88-7778-4F82-B301-AD15E335B68D}.Release|x64.ActiveCfg = Release|iPhone
		{53D8CD88-7778-4F82-B301-AD15E335B68D}.Release|x64.Build.0 = Release|iPhone
		{53D8CD88-7778-4F82-B301-AD15E335B68D}.Release|x64.Deploy.0 = Release|iPhone
		{53D8CD88-7778-4F82-B301-AD15E335B68D}.Release|x86.ActiveCfg = Release|iPhone
		{53D8CD88-7778-4F82-B301-AD15E335B68D}.Release|x86.Build.0 = Release|iPhone
		{53D8CD88-7778-4F82-B301-AD15E335B68D}.Release|x86.Deploy.0 = Release|iPhone
		{DE8FE325-8B30-4E5A-9E7C-CC31E6EAAA52}.Ad-Hoc|Any CPU.ActiveCfg = Release|x86
		{DE8FE325-8B30-4E5A-9E7C-CC31E6EAAA52}.Ad-Hoc|Any CPU.Build.0 = Release|x86
		{DE8FE325-8B30-4E5A-9E7C-CC31E6EAAA52}.Ad-Hoc|Any CPU.Deploy.0 = Release|x86
		{DE8FE325-8B30-4E5A-9E7C-CC31E6EAAA52}.Ad-Hoc|ARM.ActiveCfg = Release|ARM
		{DE8FE325-8B30-4E5A-9E7C-CC31E6EAAA52}.Ad-Hoc|ARM.Build.0 = Release|ARM
		{DE8FE325-8B30-4E5A-9E7C-CC31E6EAAA52}.Ad-Hoc|ARM.Deploy.0 = Release|ARM
		{DE8FE325-8B30-4E5A-9E7C-CC31E6EAAA52}.Ad-Hoc|iPhone.ActiveCfg = Release|x86
		{DE8FE325-8B30-4E5A-9E7C-CC31E6EAAA52}.Ad-Hoc|iPhone.Build.0 = Release|x86
		{DE8FE325-8B30-4E5A-9E7C-CC31E6EAAA52}.Ad-Hoc|iPhone.Deploy.0 = Release|x86
		{DE8FE325-8B30-4E5A-9E7C-CC31E6EAAA52}.Ad-Hoc|iPhoneSimulator.ActiveCfg = Release|x86
		{DE8FE325-8B30-4E5A-9E7C-CC31E6EAAA52}.Ad-Hoc|iPhoneSimulator.Build.0 = Release|x86
		{DE8FE325-8B30-4E5A-9E7C-CC31E6EAAA52}.Ad-Hoc|iPhoneSimulator.Deploy.0 = Release|x86
		{DE8FE325-8B30-4E5A-9E7C-CC31E6EAAA52}.Ad-Hoc|x64.ActiveCfg = Release|x64
		{DE8FE325-8B30-4E5A-9E7C-CC31E6EAAA52}.Ad-Hoc|x64.Build.0 = Release|x64
		{DE8FE325-8B30-4E5A-9E7C-CC31E6EAAA52}.Ad-Hoc|x64.Deploy.0 = Release|x64
		{DE8FE325-8B30-4E5A-9E7C-CC31E6EAAA52}.Ad-Hoc|x86.ActiveCfg = Release|x86
		{DE8FE325-8B30-4E5A-9E7C-CC31E6EAAA52}.Ad-Hoc|x86.Build.0 = Release|x86
		{DE8FE325-8B30-4E5A-9E7C-CC31E6EAAA52}.Ad-Hoc|x86.Deploy.0 = Release|x86
		{DE8FE325-8B30-4E5A-9E7C-CC31E6EAAA52}.AppStore|Any CPU.ActiveCfg = Release|x86
		{DE8FE325-8B30-4E5A-9E7C-CC31E6EAAA52}.AppStore|Any CPU.Build.0 = Release|x86
		{DE8FE325-8B30-4E5A-9E7C-CC31E6EAAA52}.AppStore|Any CPU.Deploy.0 = Release|x86
		{DE8FE325-8B30-4E5A-9E7C-CC31E6EAAA52}.AppStore|ARM.ActiveCfg = Release|ARM
		{DE8FE325-8B30-4E5A-9E7C-CC31E6EAAA52}.AppStore|ARM.Build.0 = Release|ARM
		{DE8FE325-8B30-4E5A-9E7C-CC31E6EAAA52}.AppStore|ARM.Deploy.0 = Release|ARM
		{DE8FE325-8B30-4E5A-9E7C-CC31E6EAAA52}.AppStore|iPhone.ActiveCfg = Release|x86
		{DE8FE325-8B30-4E5A-9E7C-CC31E6EAAA52}.AppStore|iPhone.Build.0 = Release|x86
		{DE8FE325-8B30-4E5A-9E7C-CC31E6EAAA52}.AppStore|iPhone.Deploy.0 = Release|x86
		{DE8FE325-8B30-4E5A-9E7C-CC31E6EAAA52}.AppStore|iPhoneSimulator.ActiveCfg = Release|x86
		{DE8FE325-8B30-4E5A-9E7C-CC31E6EAAA52}.AppStore|iPhoneSimulator.Build.0 = Release|x86
		{DE8FE325-8B30-4E5A-9E7C-CC31E6EAAA52}.AppStore|iPhoneSimulator.Deploy.0 = Release|x86
		{DE8FE325-8B30-4E5A-9E7C-CC31E6EAAA52}.AppStore|x64.ActiveCfg = Release|x64
		{DE8FE325-8B30-4E5A-9E7C-CC31E6EAAA52}.AppStore|x64.Build.0 = Release|x64
		{DE8FE325-8B30-4E5A-9E7C-CC31E6EAAA52}.AppStore|x64.Deploy.0 = Release|x64
		{DE8FE325-8B30-4E5A-9E7C-CC31E6EAAA52}.AppStore|x86.ActiveCfg = Release|x86
		{DE8FE325-8B30-4E5A-9E7C-CC31E6EAAA52}.AppStore|x86.Build.0 = Release|x86
		{DE8FE325-8B30-4E5A-9E7C-CC31E6EAAA52}.AppStore|x86.Deploy.0 = Release|x86
		{DE8FE325-8B30-4E5A-9E7C-CC31E6EAAA52}.Debug|Any CPU.ActiveCfg = Debug|x86
		{DE8FE325-8B30-4E5A-9E7C-CC31E6EAAA52}.Debug|Any CPU.Build.0 = Debug|x86
		{DE8FE325-8B30-4E5A-9E7C-CC31E6EAAA52}.Debug|Any CPU.Deploy.0 = Debug|x86
		{DE8FE325-8B30-4E5A-9E7C-CC31E6EAAA52}.Debug|ARM.ActiveCfg = Debug|ARM
		{DE8FE325-8B30-4E5A-9E7C-CC31E6EAAA52}.Debug|ARM.Build.0 = Debug|ARM
		{DE8FE325-8B30-4E5A-9E7C-CC31E6EAAA52}.Debug|ARM.Deploy.0 = Debug|ARM
		{DE8FE325-8B30-4E5A-9E7C-CC31E6EAAA52}.Debug|iPhone.ActiveCfg = Debug|x86
		{DE8FE325-8B30-4E5A-9E7C-CC31E6EAAA52}.Debug|iPhone.Build.0 = Debug|x86
		{DE8FE325-8B30-4E5A-9E7C-CC31E6EAAA52}.Debug|iPhone.Deploy.0 = Debug|x86
		{DE8FE325-8B30-4E5A-9E7C-CC31E6EAAA52}.Debug|iPhoneSimulator.ActiveCfg = Debug|x86
		{DE8FE325-8B30-4E5A-9E7C-CC31E6EAAA52}.Debug|iPhoneSimulator.Build.0 = Debug|x86
		{DE8FE325-8B30-4E5A-9E7C-CC31E6EAAA52}.Debug|iPhoneSimulator.Deploy.0 = Debug|x86
		{DE8FE325-8B30-4E5A-9E7C-CC31E6EAAA52}.Debug|x64.ActiveCfg = Debug|x64
		{DE8FE325-8B30-4E5A-9E7C-CC31E6EAAA52}.Debug|x64.Build.0 = Debug|x64
		{DE8FE325-8B30-4E5A-9E7C-CC31E6EAAA52}.Debug|x64.Deploy.0 = Debug|x64
		{DE8FE325-8B30-4E5A-9E7C-CC31E6EAAA52}.Debug|x86.ActiveCfg = Debug|x86
		{DE8FE325-8B30-4E5A-9E7C-CC31E6EAAA52}.Debug|x86.Build.0 = Debug|x86
		{DE8FE325-8B30-4E5A-9E7C-CC31E6EAAA52}.Debug|x86.Deploy.0 = Debug|x86
		{DE8FE325-8B30-4E5A-9E7C-CC31E6EAAA52}.Release|Any CPU.ActiveCfg = Release|x86
		{DE8FE325-8B30-4E5A-9E7C-CC31E6EAAA52}.Release|Any CPU.Build.0 = Release|x86
		{DE8FE325-8B30-4E5A-9E7C-CC31E6EAAA52}.Release|Any CPU.Deploy.0 = Release|x86
		{DE8FE325-8B30-4E5A-9E7C-CC31E6EAAA52}.Release|ARM.ActiveCfg = Release|ARM
		{DE8FE325-8B30-4E5A-9E7C-CC31E6EAAA52}.Release|ARM.Build.0 = Release|ARM
		{DE8FE325-8B30-4E5A-9E7C-CC31E6EAAA52}.Release|ARM.Deploy.0 = Release|ARM
		{DE8FE325-8B30-4E5A-9E7C-CC31E6EAAA52}.Release|iPhone.ActiveCfg = Release|x86
		{DE8FE325-8B30-4E5A-9E7C-CC31E6EAAA52}.Release|iPhone.Build.0 = Release|x86
		{DE8FE325-8B30-4E5A-9E7C-CC31E6EAAA52}.Release|iPhone.Deploy.0 = Release|x86
		{DE8FE325-8B30-4E5A-9E7C-CC31E6EAAA52}.Release|iPhoneSimulator.ActiveCfg = Release|x86
		{DE8FE325-8B30-4E5A-9E7C-CC31E6EAAA52}.Release|iPhoneSimulator.Build.0 = Release|x86
		{DE8FE325-8B30-4E5A-9E7C-CC31E6EAAA52}.Release|iPhoneSimulator.Deploy.0 = Release|x86
		{DE8FE325-8B30-4E5A-9E7C-CC31E6EAAA52}.Release|x64.ActiveCfg = Release|x64
		{DE8FE325-8B30-4E5A-9E7C-CC31E6EAAA52}.Release|x64.Build.0 = Release|x64
		{DE8FE325-8B30-4E5A-9E7C-CC31E6EAAA52}.Release|x64.Deploy.0 = Release|x64
		{DE8FE325-8B30-4E5A-9E7C-CC31E6EAAA52}.Release|x86.ActiveCfg = Release|x86
		{DE8FE325-8B30-4E5A-9E7C-CC31E6EAAA52}.Release|x86.Build.0 = Release|x86
		{DE8FE325-8B30-4E5A-9E7C-CC31E6EAAA52}.Release|x86.Deploy.0 = Release|x86
		{FEC8F3D2-741A-4BC4-BE0A-6ABBA814AAA8}.Ad-Hoc|Any CPU.ActiveCfg = Debug|Any CPU
		{FEC8F3D2-741A-4BC4-BE0A-6ABBA814AAA8}.Ad-Hoc|Any CPU.Build.0 = Debug|Any CPU
		{FEC8F3D2-741A-4BC4-BE0A-6ABBA814AAA8}.Ad-Hoc|Any CPU.Deploy.0 = Debug|Any CPU
		{FEC8F3D2-741A-4BC4-BE0A-6ABBA814AAA8}.Ad-Hoc|ARM.ActiveCfg = Debug|Any CPU
		{FEC8F3D2-741A-4BC4-BE0A-6ABBA814AAA8}.Ad-Hoc|ARM.Build.0 = Debug|Any CPU
		{FEC8F3D2-741A-4BC4-BE0A-6ABBA814AAA8}.Ad-Hoc|ARM.Deploy.0 = Debug|Any CPU
		{FEC8F3D2-741A-4BC4-BE0A-6ABBA814AAA8}.Ad-Hoc|iPhone.ActiveCfg = Debug|Any CPU
		{FEC8F3D2-741A-4BC4-BE0A-6ABBA814AAA8}.Ad-Hoc|iPhone.Build.0 = Debug|Any CPU
		{FEC8F3D2-741A-4BC4-BE0A-6ABBA814AAA8}.Ad-Hoc|iPhone.Deploy.0 = Debug|Any CPU
		{FEC8F3D2-741A-4BC4-BE0A-6ABBA814AAA8}.Ad-Hoc|iPhoneSimulator.ActiveCfg = Debug|Any CPU
		{FEC8F3D2-741A-4BC4-BE0A-6ABBA814AAA8}.Ad-Hoc|iPhoneSimulator.Build.0 = Debug|Any CPU
		{FEC8F3D2-741A-4BC4-BE0A-6ABBA814AAA8}.Ad-Hoc|iPhoneSimulator.Deploy.0 = Debug|Any CPU
		{FEC8F3D2-741A-4BC4-BE0A-6ABBA814AAA8}.Ad-Hoc|x64.ActiveCfg = Debug|Any CPU
		{FEC8F3D2-741A-4BC4-BE0A-6ABBA814AAA8}.Ad-Hoc|x64.Build.0 = Debug|Any CPU
		{FEC8F3D2-741A-4BC4-BE0A-6ABBA814AAA8}.Ad-Hoc|x64.Deploy.0 = Debug|Any CPU
		{FEC8F3D2-741A-4BC4-BE0A-6ABBA814AAA8}.Ad-Hoc|x86.ActiveCfg = Debug|Any CPU
		{FEC8F3D2-741A-4BC4-BE0A-6ABBA814AAA8}.Ad-Hoc|x86.Build.0 = Debug|Any CPU
		{FEC8F3D2-741A-4BC4-BE0A-6ABBA814AAA8}.Ad-Hoc|x86.Deploy.0 = Debug|Any CPU
		{FEC8F3D2-741A-4BC4-BE0A-6ABBA814AAA8}.AppStore|Any CPU.ActiveCfg = Debug|Any CPU
		{FEC8F3D2-741A-4BC4-BE0A-6ABBA814AAA8}.AppStore|Any CPU.Build.0 = Debug|Any CPU
		{FEC8F3D2-741A-4BC4-BE0A-6ABBA814AAA8}.AppStore|Any CPU.Deploy.0 = Debug|Any CPU
		{FEC8F3D2-741A-4BC4-BE0A-6ABBA814AAA8}.AppStore|ARM.ActiveCfg = Debug|Any CPU
		{FEC8F3D2-741A-4BC4-BE0A-6ABBA814AAA8}.AppStore|ARM.Build.0 = Debug|Any CPU
		{FEC8F3D2-741A-4BC4-BE0A-6ABBA814AAA8}.AppStore|ARM.Deploy.0 = Debug|Any CPU
		{FEC8F3D2-741A-4BC4-BE0A-6ABBA814AAA8}.AppStore|iPhone.ActiveCfg = Debug|Any CPU
		{FEC8F3D2-741A-4BC4-BE0A-6ABBA814AAA8}.AppStore|iPhone.Build.0 = Debug|Any CPU
		{FEC8F3D2-741A-4BC4-BE0A-6ABBA814AAA8}.AppStore|iPhone.Deploy.0 = Debug|Any CPU
		{FEC8F3D2-741A-4BC4-BE0A-6ABBA814AAA8}.AppStore|iPhoneSimulator.ActiveCfg = Debug|Any CPU
		{FEC8F3D2-741A-4BC4-BE0A-6ABBA814AAA8}.AppStore|iPhoneSimulator.Build.0 = Debug|Any CPU
		{FEC8F3D2-741A-4BC4-BE0A-6ABBA814AAA8}.AppStore|iPhoneSimulator.Deploy.0 = Debug|Any CPU
		{FEC8F3D2-741A-4BC4-BE0A-6ABBA814AAA8}.AppStore|x64.ActiveCfg = Debug|Any CPU
		{FEC8F3D2-741A-4BC4-BE0A-6ABBA814AAA8}.AppStore|x64.Build.0 = Debug|Any CPU
		{FEC8F3D2-741A-4BC4-BE0A-6ABBA814AAA8}.AppStore|x64.Deploy.0 = Debug|Any CPU
		{FEC8F3D2-741A-4BC4-BE0A-6ABBA814AAA8}.AppStore|x86.ActiveCfg = Debug|Any CPU
		{FEC8F3D2-741A-4BC4-BE0A-6ABBA814AAA8}.AppStore|x86.Build.0 = Debug|Any CPU
		{FEC8F3D2-741A-4BC4-BE0A-6ABBA814AAA8}.AppStore|x86.Deploy.0 = Debug|Any CPU
		{FEC8F3D2-741A-4BC4-BE0A-6ABBA814AAA8}.Debug|Any CPU.ActiveCfg = Debug|Any CPU
		{FEC8F3D2-741A-4BC4-BE0A-6ABBA814AAA8}.Debug|Any CPU.Build.0 = Debug|Any CPU
		{FEC8F3D2-741A-4BC4-BE0A-6ABBA814AAA8}.Debug|Any CPU.Deploy.0 = Debug|Any CPU
		{FEC8F3D2-741A-4BC4-BE0A-6ABBA814AAA8}.Debug|ARM.ActiveCfg = Debug|Any CPU
		{FEC8F3D2-741A-4BC4-BE0A-6ABBA814AAA8}.Debug|ARM.Build.0 = Debug|Any CPU
		{FEC8F3D2-741A-4BC4-BE0A-6ABBA814AAA8}.Debug|ARM.Deploy.0 = Debug|Any CPU
		{FEC8F3D2-741A-4BC4-BE0A-6ABBA814AAA8}.Debug|iPhone.ActiveCfg = Debug|Any CPU
		{FEC8F3D2-741A-4BC4-BE0A-6ABBA814AAA8}.Debug|iPhone.Build.0 = Debug|Any CPU
		{FEC8F3D2-741A-4BC4-BE0A-6ABBA814AAA8}.Debug|iPhone.Deploy.0 = Debug|Any CPU
		{FEC8F3D2-741A-4BC4-BE0A-6ABBA814AAA8}.Debug|iPhoneSimulator.ActiveCfg = Debug|Any CPU
		{FEC8F3D2-741A-4BC4-BE0A-6ABBA814AAA8}.Debug|iPhoneSimulator.Build.0 = Debug|Any CPU
		{FEC8F3D2-741A-4BC4-BE0A-6ABBA814AAA8}.Debug|iPhoneSimulator.Deploy.0 = Debug|Any CPU
		{FEC8F3D2-741A-4BC4-BE0A-6ABBA814AAA8}.Debug|x64.ActiveCfg = Debug|Any CPU
		{FEC8F3D2-741A-4BC4-BE0A-6ABBA814AAA8}.Debug|x64.Build.0 = Debug|Any CPU
		{FEC8F3D2-741A-4BC4-BE0A-6ABBA814AAA8}.Debug|x64.Deploy.0 = Debug|Any CPU
		{FEC8F3D2-741A-4BC4-BE0A-6ABBA814AAA8}.Debug|x86.ActiveCfg = Debug|Any CPU
		{FEC8F3D2-741A-4BC4-BE0A-6ABBA814AAA8}.Debug|x86.Build.0 = Debug|Any CPU
		{FEC8F3D2-741A-4BC4-BE0A-6ABBA814AAA8}.Debug|x86.Deploy.0 = Debug|Any CPU
		{FEC8F3D2-741A-4BC4-BE0A-6ABBA814AAA8}.Release|Any CPU.ActiveCfg = Release|Any CPU
		{FEC8F3D2-741A-4BC4-BE0A-6ABBA814AAA8}.Release|Any CPU.Build.0 = Release|Any CPU
		{FEC8F3D2-741A-4BC4-BE0A-6ABBA814AAA8}.Release|Any CPU.Deploy.0 = Release|Any CPU
		{FEC8F3D2-741A-4BC4-BE0A-6ABBA814AAA8}.Release|ARM.ActiveCfg = Release|Any CPU
		{FEC8F3D2-741A-4BC4-BE0A-6ABBA814AAA8}.Release|ARM.Build.0 = Release|Any CPU
		{FEC8F3D2-741A-4BC4-BE0A-6ABBA814AAA8}.Release|ARM.Deploy.0 = Release|Any CPU
		{FEC8F3D2-741A-4BC4-BE0A-6ABBA814AAA8}.Release|iPhone.ActiveCfg = Release|Any CPU
		{FEC8F3D2-741A-4BC4-BE0A-6ABBA814AAA8}.Release|iPhone.Build.0 = Release|Any CPU
		{FEC8F3D2-741A-4BC4-BE0A-6ABBA814AAA8}.Release|iPhone.Deploy.0 = Release|Any CPU
		{FEC8F3D2-741A-4BC4-BE0A-6ABBA814AAA8}.Release|iPhoneSimulator.ActiveCfg = Release|Any CPU
		{FEC8F3D2-741A-4BC4-BE0A-6ABBA814AAA8}.Release|iPhoneSimulator.Build.0 = Release|Any CPU
		{FEC8F3D2-741A-4BC4-BE0A-6ABBA814AAA8}.Release|iPhoneSimulator.Deploy.0 = Release|Any CPU
		{FEC8F3D2-741A-4BC4-BE0A-6ABBA814AAA8}.Release|x64.ActiveCfg = Release|Any CPU
		{FEC8F3D2-741A-4BC4-BE0A-6ABBA814AAA8}.Release|x64.Build.0 = Release|Any CPU
		{FEC8F3D2-741A-4BC4-BE0A-6ABBA814AAA8}.Release|x64.Deploy.0 = Release|Any CPU
		{FEC8F3D2-741A-4BC4-BE0A-6ABBA814AAA8}.Release|x86.ActiveCfg = Release|Any CPU
		{FEC8F3D2-741A-4BC4-BE0A-6ABBA814AAA8}.Release|x86.Build.0 = Release|Any CPU
		{FEC8F3D2-741A-4BC4-BE0A-6ABBA814AAA8}.Release|x86.Deploy.0 = Release|Any CPU
		{AB8A35AB-B11D-460D-9A5C-753D9CB1D293}.Ad-Hoc|Any CPU.ActiveCfg = Release|Any CPU
		{AB8A35AB-B11D-460D-9A5C-753D9CB1D293}.Ad-Hoc|Any CPU.Build.0 = Release|Any CPU
		{AB8A35AB-B11D-460D-9A5C-753D9CB1D293}.Ad-Hoc|ARM.ActiveCfg = Release|Any CPU
		{AB8A35AB-B11D-460D-9A5C-753D9CB1D293}.Ad-Hoc|ARM.Build.0 = Release|Any CPU
		{AB8A35AB-B11D-460D-9A5C-753D9CB1D293}.Ad-Hoc|iPhone.ActiveCfg = Release|Any CPU
		{AB8A35AB-B11D-460D-9A5C-753D9CB1D293}.Ad-Hoc|iPhone.Build.0 = Release|Any CPU
		{AB8A35AB-B11D-460D-9A5C-753D9CB1D293}.Ad-Hoc|iPhoneSimulator.ActiveCfg = Release|Any CPU
		{AB8A35AB-B11D-460D-9A5C-753D9CB1D293}.Ad-Hoc|iPhoneSimulator.Build.0 = Release|Any CPU
		{AB8A35AB-B11D-460D-9A5C-753D9CB1D293}.Ad-Hoc|x64.ActiveCfg = Release|Any CPU
		{AB8A35AB-B11D-460D-9A5C-753D9CB1D293}.Ad-Hoc|x64.Build.0 = Release|Any CPU
		{AB8A35AB-B11D-460D-9A5C-753D9CB1D293}.Ad-Hoc|x86.ActiveCfg = Release|Any CPU
		{AB8A35AB-B11D-460D-9A5C-753D9CB1D293}.Ad-Hoc|x86.Build.0 = Release|Any CPU
		{AB8A35AB-B11D-460D-9A5C-753D9CB1D293}.AppStore|Any CPU.ActiveCfg = Release|Any CPU
		{AB8A35AB-B11D-460D-9A5C-753D9CB1D293}.AppStore|Any CPU.Build.0 = Release|Any CPU
		{AB8A35AB-B11D-460D-9A5C-753D9CB1D293}.AppStore|ARM.ActiveCfg = Release|Any CPU
		{AB8A35AB-B11D-460D-9A5C-753D9CB1D293}.AppStore|ARM.Build.0 = Release|Any CPU
		{AB8A35AB-B11D-460D-9A5C-753D9CB1D293}.AppStore|iPhone.ActiveCfg = Release|Any CPU
		{AB8A35AB-B11D-460D-9A5C-753D9CB1D293}.AppStore|iPhone.Build.0 = Release|Any CPU
		{AB8A35AB-B11D-460D-9A5C-753D9CB1D293}.AppStore|iPhoneSimulator.ActiveCfg = Release|Any CPU
		{AB8A35AB-B11D-460D-9A5C-753D9CB1D293}.AppStore|iPhoneSimulator.Build.0 = Release|Any CPU
		{AB8A35AB-B11D-460D-9A5C-753D9CB1D293}.AppStore|x64.ActiveCfg = Release|Any CPU
		{AB8A35AB-B11D-460D-9A5C-753D9CB1D293}.AppStore|x64.Build.0 = Release|Any CPU
		{AB8A35AB-B11D-460D-9A5C-753D9CB1D293}.AppStore|x86.ActiveCfg = Release|Any CPU
		{AB8A35AB-B11D-460D-9A5C-753D9CB1D293}.AppStore|x86.Build.0 = Release|Any CPU
		{AB8A35AB-B11D-460D-9A5C-753D9CB1D293}.Debug|Any CPU.ActiveCfg = Debug|Any CPU
		{AB8A35AB-B11D-460D-9A5C-753D9CB1D293}.Debug|Any CPU.Build.0 = Debug|Any CPU
		{AB8A35AB-B11D-460D-9A5C-753D9CB1D293}.Debug|ARM.ActiveCfg = Debug|Any CPU
		{AB8A35AB-B11D-460D-9A5C-753D9CB1D293}.Debug|ARM.Build.0 = Debug|Any CPU
		{AB8A35AB-B11D-460D-9A5C-753D9CB1D293}.Debug|iPhone.ActiveCfg = Debug|Any CPU
		{AB8A35AB-B11D-460D-9A5C-753D9CB1D293}.Debug|iPhone.Build.0 = Debug|Any CPU
		{AB8A35AB-B11D-460D-9A5C-753D9CB1D293}.Debug|iPhoneSimulator.ActiveCfg = Debug|Any CPU
		{AB8A35AB-B11D-460D-9A5C-753D9CB1D293}.Debug|iPhoneSimulator.Build.0 = Debug|Any CPU
		{AB8A35AB-B11D-460D-9A5C-753D9CB1D293}.Debug|x64.ActiveCfg = Debug|Any CPU
		{AB8A35AB-B11D-460D-9A5C-753D9CB1D293}.Debug|x64.Build.0 = Debug|Any CPU
		{AB8A35AB-B11D-460D-9A5C-753D9CB1D293}.Debug|x86.ActiveCfg = Debug|Any CPU
		{AB8A35AB-B11D-460D-9A5C-753D9CB1D293}.Debug|x86.Build.0 = Debug|Any CPU
		{AB8A35AB-B11D-460D-9A5C-753D9CB1D293}.Release|Any CPU.ActiveCfg = Release|Any CPU
		{AB8A35AB-B11D-460D-9A5C-753D9CB1D293}.Release|Any CPU.Build.0 = Release|Any CPU
		{AB8A35AB-B11D-460D-9A5C-753D9CB1D293}.Release|ARM.ActiveCfg = Release|Any CPU
		{AB8A35AB-B11D-460D-9A5C-753D9CB1D293}.Release|ARM.Build.0 = Release|Any CPU
		{AB8A35AB-B11D-460D-9A5C-753D9CB1D293}.Release|iPhone.ActiveCfg = Release|Any CPU
		{AB8A35AB-B11D-460D-9A5C-753D9CB1D293}.Release|iPhone.Build.0 = Release|Any CPU
		{AB8A35AB-B11D-460D-9A5C-753D9CB1D293}.Release|iPhoneSimulator.ActiveCfg = Release|Any CPU
		{AB8A35AB-B11D-460D-9A5C-753D9CB1D293}.Release|iPhoneSimulator.Build.0 = Release|Any CPU
		{AB8A35AB-B11D-460D-9A5C-753D9CB1D293}.Release|x64.ActiveCfg = Release|Any CPU
		{AB8A35AB-B11D-460D-9A5C-753D9CB1D293}.Release|x64.Build.0 = Release|Any CPU
		{AB8A35AB-B11D-460D-9A5C-753D9CB1D293}.Release|x86.ActiveCfg = Release|Any CPU
		{AB8A35AB-B11D-460D-9A5C-753D9CB1D293}.Release|x86.Build.0 = Release|Any CPU
		{D948EDCE-C26A-43D2-BE6A-0399668074C5}.Ad-Hoc|Any CPU.ActiveCfg = Release|Any CPU
		{D948EDCE-C26A-43D2-BE6A-0399668074C5}.Ad-Hoc|Any CPU.Build.0 = Release|Any CPU
		{D948EDCE-C26A-43D2-BE6A-0399668074C5}.Ad-Hoc|ARM.ActiveCfg = Release|Any CPU
		{D948EDCE-C26A-43D2-BE6A-0399668074C5}.Ad-Hoc|ARM.Build.0 = Release|Any CPU
		{D948EDCE-C26A-43D2-BE6A-0399668074C5}.Ad-Hoc|iPhone.ActiveCfg = Release|Any CPU
		{D948EDCE-C26A-43D2-BE6A-0399668074C5}.Ad-Hoc|iPhone.Build.0 = Release|Any CPU
		{D948EDCE-C26A-43D2-BE6A-0399668074C5}.Ad-Hoc|iPhoneSimulator.ActiveCfg = Release|Any CPU
		{D948EDCE-C26A-43D2-BE6A-0399668074C5}.Ad-Hoc|iPhoneSimulator.Build.0 = Release|Any CPU
		{D948EDCE-C26A-43D2-BE6A-0399668074C5}.Ad-Hoc|x64.ActiveCfg = Release|Any CPU
		{D948EDCE-C26A-43D2-BE6A-0399668074C5}.Ad-Hoc|x64.Build.0 = Release|Any CPU
		{D948EDCE-C26A-43D2-BE6A-0399668074C5}.Ad-Hoc|x86.ActiveCfg = Release|Any CPU
		{D948EDCE-C26A-43D2-BE6A-0399668074C5}.Ad-Hoc|x86.Build.0 = Release|Any CPU
		{D948EDCE-C26A-43D2-BE6A-0399668074C5}.AppStore|Any CPU.ActiveCfg = Release|Any CPU
		{D948EDCE-C26A-43D2-BE6A-0399668074C5}.AppStore|Any CPU.Build.0 = Release|Any CPU
		{D948EDCE-C26A-43D2-BE6A-0399668074C5}.AppStore|ARM.ActiveCfg = Release|Any CPU
		{D948EDCE-C26A-43D2-BE6A-0399668074C5}.AppStore|ARM.Build.0 = Release|Any CPU
		{D948EDCE-C26A-43D2-BE6A-0399668074C5}.AppStore|iPhone.ActiveCfg = Release|Any CPU
		{D948EDCE-C26A-43D2-BE6A-0399668074C5}.AppStore|iPhone.Build.0 = Release|Any CPU
		{D948EDCE-C26A-43D2-BE6A-0399668074C5}.AppStore|iPhoneSimulator.ActiveCfg = Release|Any CPU
		{D948EDCE-C26A-43D2-BE6A-0399668074C5}.AppStore|iPhoneSimulator.Build.0 = Release|Any CPU
		{D948EDCE-C26A-43D2-BE6A-0399668074C5}.AppStore|x64.ActiveCfg = Release|Any CPU
		{D948EDCE-C26A-43D2-BE6A-0399668074C5}.AppStore|x64.Build.0 = Release|Any CPU
		{D948EDCE-C26A-43D2-BE6A-0399668074C5}.AppStore|x86.ActiveCfg = Release|Any CPU
		{D948EDCE-C26A-43D2-BE6A-0399668074C5}.AppStore|x86.Build.0 = Release|Any CPU
		{D948EDCE-C26A-43D2-BE6A-0399668074C5}.Debug|Any CPU.ActiveCfg = Debug|Any CPU
		{D948EDCE-C26A-43D2-BE6A-0399668074C5}.Debug|Any CPU.Build.0 = Debug|Any CPU
		{D948EDCE-C26A-43D2-BE6A-0399668074C5}.Debug|ARM.ActiveCfg = Debug|Any CPU
		{D948EDCE-C26A-43D2-BE6A-0399668074C5}.Debug|ARM.Build.0 = Debug|Any CPU
		{D948EDCE-C26A-43D2-BE6A-0399668074C5}.Debug|iPhone.ActiveCfg = Debug|Any CPU
		{D948EDCE-C26A-43D2-BE6A-0399668074C5}.Debug|iPhone.Build.0 = Debug|Any CPU
		{D948EDCE-C26A-43D2-BE6A-0399668074C5}.Debug|iPhoneSimulator.ActiveCfg = Debug|Any CPU
		{D948EDCE-C26A-43D2-BE6A-0399668074C5}.Debug|iPhoneSimulator.Build.0 = Debug|Any CPU
		{D948EDCE-C26A-43D2-BE6A-0399668074C5}.Debug|x64.ActiveCfg = Debug|Any CPU
		{D948EDCE-C26A-43D2-BE6A-0399668074C5}.Debug|x64.Build.0 = Debug|Any CPU
		{D948EDCE-C26A-43D2-BE6A-0399668074C5}.Debug|x86.ActiveCfg = Debug|Any CPU
		{D948EDCE-C26A-43D2-BE6A-0399668074C5}.Debug|x86.Build.0 = Debug|Any CPU
		{D948EDCE-C26A-43D2-BE6A-0399668074C5}.Release|Any CPU.ActiveCfg = Release|Any CPU
		{D948EDCE-C26A-43D2-BE6A-0399668074C5}.Release|Any CPU.Build.0 = Release|Any CPU
		{D948EDCE-C26A-43D2-BE6A-0399668074C5}.Release|ARM.ActiveCfg = Release|Any CPU
		{D948EDCE-C26A-43D2-BE6A-0399668074C5}.Release|ARM.Build.0 = Release|Any CPU
		{D948EDCE-C26A-43D2-BE6A-0399668074C5}.Release|iPhone.ActiveCfg = Release|Any CPU
		{D948EDCE-C26A-43D2-BE6A-0399668074C5}.Release|iPhone.Build.0 = Release|Any CPU
		{D948EDCE-C26A-43D2-BE6A-0399668074C5}.Release|iPhoneSimulator.ActiveCfg = Release|Any CPU
		{D948EDCE-C26A-43D2-BE6A-0399668074C5}.Release|iPhoneSimulator.Build.0 = Release|Any CPU
		{D948EDCE-C26A-43D2-BE6A-0399668074C5}.Release|x64.ActiveCfg = Release|Any CPU
		{D948EDCE-C26A-43D2-BE6A-0399668074C5}.Release|x64.Build.0 = Release|Any CPU
		{D948EDCE-C26A-43D2-BE6A-0399668074C5}.Release|x86.ActiveCfg = Release|Any CPU
		{D948EDCE-C26A-43D2-BE6A-0399668074C5}.Release|x86.Build.0 = Release|Any CPU
		{7D4227EC-DCF6-4CA7-9E4C-8994DCCC655D}.Ad-Hoc|Any CPU.ActiveCfg = Release|Any CPU
		{7D4227EC-DCF6-4CA7-9E4C-8994DCCC655D}.Ad-Hoc|Any CPU.Build.0 = Release|Any CPU
		{7D4227EC-DCF6-4CA7-9E4C-8994DCCC655D}.Ad-Hoc|ARM.ActiveCfg = Release|Any CPU
		{7D4227EC-DCF6-4CA7-9E4C-8994DCCC655D}.Ad-Hoc|ARM.Build.0 = Release|Any CPU
		{7D4227EC-DCF6-4CA7-9E4C-8994DCCC655D}.Ad-Hoc|iPhone.ActiveCfg = Release|Any CPU
		{7D4227EC-DCF6-4CA7-9E4C-8994DCCC655D}.Ad-Hoc|iPhone.Build.0 = Release|Any CPU
		{7D4227EC-DCF6-4CA7-9E4C-8994DCCC655D}.Ad-Hoc|iPhoneSimulator.ActiveCfg = Release|Any CPU
		{7D4227EC-DCF6-4CA7-9E4C-8994DCCC655D}.Ad-Hoc|iPhoneSimulator.Build.0 = Release|Any CPU
		{7D4227EC-DCF6-4CA7-9E4C-8994DCCC655D}.Ad-Hoc|x64.ActiveCfg = Release|Any CPU
		{7D4227EC-DCF6-4CA7-9E4C-8994DCCC655D}.Ad-Hoc|x64.Build.0 = Release|Any CPU
		{7D4227EC-DCF6-4CA7-9E4C-8994DCCC655D}.Ad-Hoc|x86.ActiveCfg = Release|Any CPU
		{7D4227EC-DCF6-4CA7-9E4C-8994DCCC655D}.Ad-Hoc|x86.Build.0 = Release|Any CPU
		{7D4227EC-DCF6-4CA7-9E4C-8994DCCC655D}.AppStore|Any CPU.ActiveCfg = Release|Any CPU
		{7D4227EC-DCF6-4CA7-9E4C-8994DCCC655D}.AppStore|Any CPU.Build.0 = Release|Any CPU
		{7D4227EC-DCF6-4CA7-9E4C-8994DCCC655D}.AppStore|ARM.ActiveCfg = Release|Any CPU
		{7D4227EC-DCF6-4CA7-9E4C-8994DCCC655D}.AppStore|ARM.Build.0 = Release|Any CPU
		{7D4227EC-DCF6-4CA7-9E4C-8994DCCC655D}.AppStore|iPhone.ActiveCfg = Release|Any CPU
		{7D4227EC-DCF6-4CA7-9E4C-8994DCCC655D}.AppStore|iPhone.Build.0 = Release|Any CPU
		{7D4227EC-DCF6-4CA7-9E4C-8994DCCC655D}.AppStore|iPhoneSimulator.ActiveCfg = Release|Any CPU
		{7D4227EC-DCF6-4CA7-9E4C-8994DCCC655D}.AppStore|iPhoneSimulator.Build.0 = Release|Any CPU
		{7D4227EC-DCF6-4CA7-9E4C-8994DCCC655D}.AppStore|x64.ActiveCfg = Release|Any CPU
		{7D4227EC-DCF6-4CA7-9E4C-8994DCCC655D}.AppStore|x64.Build.0 = Release|Any CPU
		{7D4227EC-DCF6-4CA7-9E4C-8994DCCC655D}.AppStore|x86.ActiveCfg = Release|Any CPU
		{7D4227EC-DCF6-4CA7-9E4C-8994DCCC655D}.AppStore|x86.Build.0 = Release|Any CPU
		{7D4227EC-DCF6-4CA7-9E4C-8994DCCC655D}.Debug|Any CPU.ActiveCfg = Debug|Any CPU
		{7D4227EC-DCF6-4CA7-9E4C-8994DCCC655D}.Debug|Any CPU.Build.0 = Debug|Any CPU
		{7D4227EC-DCF6-4CA7-9E4C-8994DCCC655D}.Debug|ARM.ActiveCfg = Debug|Any CPU
		{7D4227EC-DCF6-4CA7-9E4C-8994DCCC655D}.Debug|ARM.Build.0 = Debug|Any CPU
		{7D4227EC-DCF6-4CA7-9E4C-8994DCCC655D}.Debug|iPhone.ActiveCfg = Debug|Any CPU
		{7D4227EC-DCF6-4CA7-9E4C-8994DCCC655D}.Debug|iPhone.Build.0 = Debug|Any CPU
		{7D4227EC-DCF6-4CA7-9E4C-8994DCCC655D}.Debug|iPhoneSimulator.ActiveCfg = Debug|Any CPU
		{7D4227EC-DCF6-4CA7-9E4C-8994DCCC655D}.Debug|iPhoneSimulator.Build.0 = Debug|Any CPU
		{7D4227EC-DCF6-4CA7-9E4C-8994DCCC655D}.Debug|x64.ActiveCfg = Debug|Any CPU
		{7D4227EC-DCF6-4CA7-9E4C-8994DCCC655D}.Debug|x64.Build.0 = Debug|Any CPU
		{7D4227EC-DCF6-4CA7-9E4C-8994DCCC655D}.Debug|x86.ActiveCfg = Debug|Any CPU
		{7D4227EC-DCF6-4CA7-9E4C-8994DCCC655D}.Debug|x86.Build.0 = Debug|Any CPU
		{7D4227EC-DCF6-4CA7-9E4C-8994DCCC655D}.Release|Any CPU.ActiveCfg = Release|Any CPU
		{7D4227EC-DCF6-4CA7-9E4C-8994DCCC655D}.Release|Any CPU.Build.0 = Release|Any CPU
		{7D4227EC-DCF6-4CA7-9E4C-8994DCCC655D}.Release|ARM.ActiveCfg = Release|Any CPU
		{7D4227EC-DCF6-4CA7-9E4C-8994DCCC655D}.Release|ARM.Build.0 = Release|Any CPU
		{7D4227EC-DCF6-4CA7-9E4C-8994DCCC655D}.Release|iPhone.ActiveCfg = Release|Any CPU
		{7D4227EC-DCF6-4CA7-9E4C-8994DCCC655D}.Release|iPhone.Build.0 = Release|Any CPU
		{7D4227EC-DCF6-4CA7-9E4C-8994DCCC655D}.Release|iPhoneSimulator.ActiveCfg = Release|Any CPU
		{7D4227EC-DCF6-4CA7-9E4C-8994DCCC655D}.Release|iPhoneSimulator.Build.0 = Release|Any CPU
		{7D4227EC-DCF6-4CA7-9E4C-8994DCCC655D}.Release|x64.ActiveCfg = Release|Any CPU
		{7D4227EC-DCF6-4CA7-9E4C-8994DCCC655D}.Release|x64.Build.0 = Release|Any CPU
		{7D4227EC-DCF6-4CA7-9E4C-8994DCCC655D}.Release|x86.ActiveCfg = Release|Any CPU
		{7D4227EC-DCF6-4CA7-9E4C-8994DCCC655D}.Release|x86.Build.0 = Release|Any CPU
		{A2037CDC-B3E8-4C3C-AC62-9433533BC2E7}.Ad-Hoc|Any CPU.ActiveCfg = Release|Any CPU
		{A2037CDC-B3E8-4C3C-AC62-9433533BC2E7}.Ad-Hoc|Any CPU.Build.0 = Release|Any CPU
		{A2037CDC-B3E8-4C3C-AC62-9433533BC2E7}.Ad-Hoc|ARM.ActiveCfg = Release|Any CPU
		{A2037CDC-B3E8-4C3C-AC62-9433533BC2E7}.Ad-Hoc|ARM.Build.0 = Release|Any CPU
		{A2037CDC-B3E8-4C3C-AC62-9433533BC2E7}.Ad-Hoc|iPhone.ActiveCfg = Release|Any CPU
		{A2037CDC-B3E8-4C3C-AC62-9433533BC2E7}.Ad-Hoc|iPhone.Build.0 = Release|Any CPU
		{A2037CDC-B3E8-4C3C-AC62-9433533BC2E7}.Ad-Hoc|iPhoneSimulator.ActiveCfg = Release|Any CPU
		{A2037CDC-B3E8-4C3C-AC62-9433533BC2E7}.Ad-Hoc|iPhoneSimulator.Build.0 = Release|Any CPU
		{A2037CDC-B3E8-4C3C-AC62-9433533BC2E7}.Ad-Hoc|x64.ActiveCfg = Release|Any CPU
		{A2037CDC-B3E8-4C3C-AC62-9433533BC2E7}.Ad-Hoc|x64.Build.0 = Release|Any CPU
		{A2037CDC-B3E8-4C3C-AC62-9433533BC2E7}.Ad-Hoc|x86.ActiveCfg = Release|Any CPU
		{A2037CDC-B3E8-4C3C-AC62-9433533BC2E7}.Ad-Hoc|x86.Build.0 = Release|Any CPU
		{A2037CDC-B3E8-4C3C-AC62-9433533BC2E7}.AppStore|Any CPU.ActiveCfg = Release|Any CPU
		{A2037CDC-B3E8-4C3C-AC62-9433533BC2E7}.AppStore|Any CPU.Build.0 = Release|Any CPU
		{A2037CDC-B3E8-4C3C-AC62-9433533BC2E7}.AppStore|ARM.ActiveCfg = Release|Any CPU
		{A2037CDC-B3E8-4C3C-AC62-9433533BC2E7}.AppStore|ARM.Build.0 = Release|Any CPU
		{A2037CDC-B3E8-4C3C-AC62-9433533BC2E7}.AppStore|iPhone.ActiveCfg = Release|Any CPU
		{A2037CDC-B3E8-4C3C-AC62-9433533BC2E7}.AppStore|iPhone.Build.0 = Release|Any CPU
		{A2037CDC-B3E8-4C3C-AC62-9433533BC2E7}.AppStore|iPhoneSimulator.ActiveCfg = Release|Any CPU
		{A2037CDC-B3E8-4C3C-AC62-9433533BC2E7}.AppStore|iPhoneSimulator.Build.0 = Release|Any CPU
		{A2037CDC-B3E8-4C3C-AC62-9433533BC2E7}.AppStore|x64.ActiveCfg = Release|Any CPU
		{A2037CDC-B3E8-4C3C-AC62-9433533BC2E7}.AppStore|x64.Build.0 = Release|Any CPU
		{A2037CDC-B3E8-4C3C-AC62-9433533BC2E7}.AppStore|x86.ActiveCfg = Release|Any CPU
		{A2037CDC-B3E8-4C3C-AC62-9433533BC2E7}.AppStore|x86.Build.0 = Release|Any CPU
		{A2037CDC-B3E8-4C3C-AC62-9433533BC2E7}.Debug|Any CPU.ActiveCfg = Debug|Any CPU
		{A2037CDC-B3E8-4C3C-AC62-9433533BC2E7}.Debug|Any CPU.Build.0 = Debug|Any CPU
		{A2037CDC-B3E8-4C3C-AC62-9433533BC2E7}.Debug|ARM.ActiveCfg = Debug|Any CPU
		{A2037CDC-B3E8-4C3C-AC62-9433533BC2E7}.Debug|ARM.Build.0 = Debug|Any CPU
		{A2037CDC-B3E8-4C3C-AC62-9433533BC2E7}.Debug|iPhone.ActiveCfg = Debug|Any CPU
		{A2037CDC-B3E8-4C3C-AC62-9433533BC2E7}.Debug|iPhone.Build.0 = Debug|Any CPU
		{A2037CDC-B3E8-4C3C-AC62-9433533BC2E7}.Debug|iPhoneSimulator.ActiveCfg = Debug|Any CPU
		{A2037CDC-B3E8-4C3C-AC62-9433533BC2E7}.Debug|iPhoneSimulator.Build.0 = Debug|Any CPU
		{A2037CDC-B3E8-4C3C-AC62-9433533BC2E7}.Debug|x64.ActiveCfg = Debug|Any CPU
		{A2037CDC-B3E8-4C3C-AC62-9433533BC2E7}.Debug|x64.Build.0 = Debug|Any CPU
		{A2037CDC-B3E8-4C3C-AC62-9433533BC2E7}.Debug|x86.ActiveCfg = Debug|Any CPU
		{A2037CDC-B3E8-4C3C-AC62-9433533BC2E7}.Debug|x86.Build.0 = Debug|Any CPU
		{A2037CDC-B3E8-4C3C-AC62-9433533BC2E7}.Release|Any CPU.ActiveCfg = Release|Any CPU
		{A2037CDC-B3E8-4C3C-AC62-9433533BC2E7}.Release|Any CPU.Build.0 = Release|Any CPU
		{A2037CDC-B3E8-4C3C-AC62-9433533BC2E7}.Release|ARM.ActiveCfg = Release|Any CPU
		{A2037CDC-B3E8-4C3C-AC62-9433533BC2E7}.Release|ARM.Build.0 = Release|Any CPU
		{A2037CDC-B3E8-4C3C-AC62-9433533BC2E7}.Release|iPhone.ActiveCfg = Release|Any CPU
		{A2037CDC-B3E8-4C3C-AC62-9433533BC2E7}.Release|iPhone.Build.0 = Release|Any CPU
		{A2037CDC-B3E8-4C3C-AC62-9433533BC2E7}.Release|iPhoneSimulator.ActiveCfg = Release|Any CPU
		{A2037CDC-B3E8-4C3C-AC62-9433533BC2E7}.Release|iPhoneSimulator.Build.0 = Release|Any CPU
		{A2037CDC-B3E8-4C3C-AC62-9433533BC2E7}.Release|x64.ActiveCfg = Release|Any CPU
		{A2037CDC-B3E8-4C3C-AC62-9433533BC2E7}.Release|x64.Build.0 = Release|Any CPU
		{A2037CDC-B3E8-4C3C-AC62-9433533BC2E7}.Release|x86.ActiveCfg = Release|Any CPU
		{A2037CDC-B3E8-4C3C-AC62-9433533BC2E7}.Release|x86.Build.0 = Release|Any CPU
	EndGlobalSection
	GlobalSection(SolutionProperties) = preSolution
		HideSolutionNode = FALSE
	EndGlobalSection
	GlobalSection(ExtensibilityGlobals) = postSolution
		SolutionGuid = {1C14110F-494D-47C4-9853-8F95D44AA968}
	EndGlobalSection
EndGlobal
