
Microsoft Visual Studio Solution File, Format Version 12.00
# Visual Studio 15
VisualStudioVersion = 15.0.27924.0
MinimumVisualStudioVersion = 10.0.40219.1
Project("{FAE04EC0-301F-11D3-BF4B-00C04F79EFBC}") = "Sales.Android", "Sales\Sales.Android\Sales.Android.csproj", "{78572498-2A0F-4E3C-98BC-E0E08485B394}"
EndProject
Project("{FAE04EC0-301F-11D3-BF4B-00C04F79EFBC}") = "Sales.iOS", "Sales\Sales.iOS\Sales.iOS.csproj", "{025D1F9D-F8E5-42E2-9444-1178F0A9DB41}"
EndProject
Project("{FAE04EC0-301F-11D3-BF4B-00C04F79EFBC}") = "Sales", "Sales\Sales\Sales.csproj", "{A7F8E01F-81AE-46D3-8ADB-FB3D8FAB1F5F}"
EndProject
Project("{FAE04EC0-301F-11D3-BF4B-00C04F79EFBC}") = "Sales.Backend", "Sales.Backend\Sales.Backend.csproj", "{DCA504DB-F2C7-46A5-9964-4450EE860C82}"
EndProject
Project("{FAE04EC0-301F-11D3-BF4B-00C04F79EFBC}") = "Sales.API", "Sales.API\Sales.API.csproj", "{1E24C041-9B92-4486-9764-74107C34AA4C}"
EndProject
Project("{FAE04EC0-301F-11D3-BF4B-00C04F79EFBC}") = "Sales.Domain", "Sales.Domain\Sales.Domain.csproj", "{E8600AFE-31A6-4C92-ACFB-B12CA07C4F07}"
EndProject
Project("{FAE04EC0-301F-11D3-BF4B-00C04F79EFBC}") = "Sales.Common", "Sales.Common\Sales.Common.csproj", "{A3206B40-7318-4D0D-96BE-1884CE4AD4C3}"
EndProject
Global
	GlobalSection(SolutionConfigurationPlatforms) = preSolution
		Ad-Hoc|Any CPU = Ad-Hoc|Any CPU
		Ad-Hoc|iPhone = Ad-Hoc|iPhone
		Ad-Hoc|iPhoneSimulator = Ad-Hoc|iPhoneSimulator
		AppStore|Any CPU = AppStore|Any CPU
		AppStore|iPhone = AppStore|iPhone
		AppStore|iPhoneSimulator = AppStore|iPhoneSimulator
		Debug|Any CPU = Debug|Any CPU
		Debug|iPhone = Debug|iPhone
		Debug|iPhoneSimulator = Debug|iPhoneSimulator
		Release|Any CPU = Release|Any CPU
		Release|iPhone = Release|iPhone
		Release|iPhoneSimulator = Release|iPhoneSimulator
	EndGlobalSection
	GlobalSection(ProjectConfigurationPlatforms) = postSolution
		{78572498-2A0F-4E3C-98BC-E0E08485B394}.Ad-Hoc|Any CPU.ActiveCfg = Release|Any CPU
		{78572498-2A0F-4E3C-98BC-E0E08485B394}.Ad-Hoc|Any CPU.Build.0 = Release|Any CPU
		{78572498-2A0F-4E3C-98BC-E0E08485B394}.Ad-Hoc|Any CPU.Deploy.0 = Release|Any CPU
		{78572498-2A0F-4E3C-98BC-E0E08485B394}.Ad-Hoc|iPhone.ActiveCfg = Release|Any CPU
		{78572498-2A0F-4E3C-98BC-E0E08485B394}.Ad-Hoc|iPhone.Build.0 = Release|Any CPU
		{78572498-2A0F-4E3C-98BC-E0E08485B394}.Ad-Hoc|iPhone.Deploy.0 = Release|Any CPU
		{78572498-2A0F-4E3C-98BC-E0E08485B394}.Ad-Hoc|iPhoneSimulator.ActiveCfg = Release|Any CPU
		{78572498-2A0F-4E3C-98BC-E0E08485B394}.Ad-Hoc|iPhoneSimulator.Build.0 = Release|Any CPU
		{78572498-2A0F-4E3C-98BC-E0E08485B394}.Ad-Hoc|iPhoneSimulator.Deploy.0 = Release|Any CPU
		{78572498-2A0F-4E3C-98BC-E0E08485B394}.AppStore|Any CPU.ActiveCfg = Release|Any CPU
		{78572498-2A0F-4E3C-98BC-E0E08485B394}.AppStore|Any CPU.Build.0 = Release|Any CPU
		{78572498-2A0F-4E3C-98BC-E0E08485B394}.AppStore|Any CPU.Deploy.0 = Release|Any CPU
		{78572498-2A0F-4E3C-98BC-E0E08485B394}.AppStore|iPhone.ActiveCfg = Release|Any CPU
		{78572498-2A0F-4E3C-98BC-E0E08485B394}.AppStore|iPhone.Build.0 = Release|Any CPU
		{78572498-2A0F-4E3C-98BC-E0E08485B394}.AppStore|iPhone.Deploy.0 = Release|Any CPU
		{78572498-2A0F-4E3C-98BC-E0E08485B394}.AppStore|iPhoneSimulator.ActiveCfg = Release|Any CPU
		{78572498-2A0F-4E3C-98BC-E0E08485B394}.AppStore|iPhoneSimulator.Build.0 = Release|Any CPU
		{78572498-2A0F-4E3C-98BC-E0E08485B394}.AppStore|iPhoneSimulator.Deploy.0 = Release|Any CPU
		{78572498-2A0F-4E3C-98BC-E0E08485B394}.Debug|Any CPU.ActiveCfg = Debug|Any CPU
		{78572498-2A0F-4E3C-98BC-E0E08485B394}.Debug|Any CPU.Build.0 = Debug|Any CPU
		{78572498-2A0F-4E3C-98BC-E0E08485B394}.Debug|Any CPU.Deploy.0 = Debug|Any CPU
		{78572498-2A0F-4E3C-98BC-E0E08485B394}.Debug|iPhone.ActiveCfg = Debug|Any CPU
		{78572498-2A0F-4E3C-98BC-E0E08485B394}.Debug|iPhone.Build.0 = Debug|Any CPU
		{78572498-2A0F-4E3C-98BC-E0E08485B394}.Debug|iPhone.Deploy.0 = Debug|Any CPU
		{78572498-2A0F-4E3C-98BC-E0E08485B394}.Debug|iPhoneSimulator.ActiveCfg = Debug|Any CPU
		{78572498-2A0F-4E3C-98BC-E0E08485B394}.Debug|iPhoneSimulator.Build.0 = Debug|Any CPU
		{78572498-2A0F-4E3C-98BC-E0E08485B394}.Debug|iPhoneSimulator.Deploy.0 = Debug|Any CPU
		{78572498-2A0F-4E3C-98BC-E0E08485B394}.Release|Any CPU.ActiveCfg = Release|Any CPU
		{78572498-2A0F-4E3C-98BC-E0E08485B394}.Release|Any CPU.Build.0 = Release|Any CPU
		{78572498-2A0F-4E3C-98BC-E0E08485B394}.Release|Any CPU.Deploy.0 = Release|Any CPU
		{78572498-2A0F-4E3C-98BC-E0E08485B394}.Release|iPhone.ActiveCfg = Release|Any CPU
		{78572498-2A0F-4E3C-98BC-E0E08485B394}.Release|iPhone.Build.0 = Release|Any CPU
		{78572498-2A0F-4E3C-98BC-E0E08485B394}.Release|iPhone.Deploy.0 = Release|Any CPU
		{78572498-2A0F-4E3C-98BC-E0E08485B394}.Release|iPhoneSimulator.ActiveCfg = Release|Any CPU
		{78572498-2A0F-4E3C-98BC-E0E08485B394}.Release|iPhoneSimulator.Build.0 = Release|Any CPU
		{78572498-2A0F-4E3C-98BC-E0E08485B394}.Release|iPhoneSimulator.Deploy.0 = Release|Any CPU
		{025D1F9D-F8E5-42E2-9444-1178F0A9DB41}.Ad-Hoc|Any CPU.ActiveCfg = Ad-Hoc|iPhone
		{025D1F9D-F8E5-42E2-9444-1178F0A9DB41}.Ad-Hoc|Any CPU.Build.0 = Ad-Hoc|iPhone
		{025D1F9D-F8E5-42E2-9444-1178F0A9DB41}.Ad-Hoc|Any CPU.Deploy.0 = Ad-Hoc|iPhone
		{025D1F9D-F8E5-42E2-9444-1178F0A9DB41}.Ad-Hoc|iPhone.ActiveCfg = Ad-Hoc|iPhone
		{025D1F9D-F8E5-42E2-9444-1178F0A9DB41}.Ad-Hoc|iPhone.Build.0 = Ad-Hoc|iPhone
		{025D1F9D-F8E5-42E2-9444-1178F0A9DB41}.Ad-Hoc|iPhone.Deploy.0 = Ad-Hoc|iPhone
		{025D1F9D-F8E5-42E2-9444-1178F0A9DB41}.Ad-Hoc|iPhoneSimulator.ActiveCfg = Ad-Hoc|iPhoneSimulator
		{025D1F9D-F8E5-42E2-9444-1178F0A9DB41}.Ad-Hoc|iPhoneSimulator.Build.0 = Ad-Hoc|iPhoneSimulator
		{025D1F9D-F8E5-42E2-9444-1178F0A9DB41}.Ad-Hoc|iPhoneSimulator.Deploy.0 = Ad-Hoc|iPhoneSimulator
		{025D1F9D-F8E5-42E2-9444-1178F0A9DB41}.AppStore|Any CPU.ActiveCfg = AppStore|iPhone
		{025D1F9D-F8E5-42E2-9444-1178F0A9DB41}.AppStore|Any CPU.Build.0 = AppStore|iPhone
		{025D1F9D-F8E5-42E2-9444-1178F0A9DB41}.AppStore|Any CPU.Deploy.0 = AppStore|iPhone
		{025D1F9D-F8E5-42E2-9444-1178F0A9DB41}.AppStore|iPhone.ActiveCfg = AppStore|iPhone
		{025D1F9D-F8E5-42E2-9444-1178F0A9DB41}.AppStore|iPhone.Build.0 = AppStore|iPhone
		{025D1F9D-F8E5-42E2-9444-1178F0A9DB41}.AppStore|iPhone.Deploy.0 = AppStore|iPhone
		{025D1F9D-F8E5-42E2-9444-1178F0A9DB41}.AppStore|iPhoneSimulator.ActiveCfg = AppStore|iPhoneSimulator
		{025D1F9D-F8E5-42E2-9444-1178F0A9DB41}.AppStore|iPhoneSimulator.Build.0 = AppStore|iPhoneSimulator
		{025D1F9D-F8E5-42E2-9444-1178F0A9DB41}.AppStore|iPhoneSimulator.Deploy.0 = AppStore|iPhoneSimulator
		{025D1F9D-F8E5-42E2-9444-1178F0A9DB41}.Debug|Any CPU.ActiveCfg = Debug|iPhoneSimulator
		{025D1F9D-F8E5-42E2-9444-1178F0A9DB41}.Debug|Any CPU.Build.0 = Debug|iPhoneSimulator
		{025D1F9D-F8E5-42E2-9444-1178F0A9DB41}.Debug|Any CPU.Deploy.0 = Debug|iPhoneSimulator
		{025D1F9D-F8E5-42E2-9444-1178F0A9DB41}.Debug|iPhone.ActiveCfg = Debug|iPhone
		{025D1F9D-F8E5-42E2-9444-1178F0A9DB41}.Debug|iPhone.Build.0 = Debug|iPhone
		{025D1F9D-F8E5-42E2-9444-1178F0A9DB41}.Debug|iPhone.Deploy.0 = Debug|iPhone
		{025D1F9D-F8E5-42E2-9444-1178F0A9DB41}.Debug|iPhoneSimulator.ActiveCfg = Debug|iPhoneSimulator
		{025D1F9D-F8E5-42E2-9444-1178F0A9DB41}.Debug|iPhoneSimulator.Build.0 = Debug|iPhoneSimulator
		{025D1F9D-F8E5-42E2-9444-1178F0A9DB41}.Debug|iPhoneSimulator.Deploy.0 = Debug|iPhoneSimulator
		{025D1F9D-F8E5-42E2-9444-1178F0A9DB41}.Release|Any CPU.ActiveCfg = Release|iPhone
		{025D1F9D-F8E5-42E2-9444-1178F0A9DB41}.Release|Any CPU.Build.0 = Release|iPhone
		{025D1F9D-F8E5-42E2-9444-1178F0A9DB41}.Release|Any CPU.Deploy.0 = Release|iPhone
		{025D1F9D-F8E5-42E2-9444-1178F0A9DB41}.Release|iPhone.ActiveCfg = Release|iPhone
		{025D1F9D-F8E5-42E2-9444-1178F0A9DB41}.Release|iPhone.Build.0 = Release|iPhone
		{025D1F9D-F8E5-42E2-9444-1178F0A9DB41}.Release|iPhone.Deploy.0 = Release|iPhone
		{025D1F9D-F8E5-42E2-9444-1178F0A9DB41}.Release|iPhoneSimulator.ActiveCfg = Release|iPhoneSimulator
		{025D1F9D-F8E5-42E2-9444-1178F0A9DB41}.Release|iPhoneSimulator.Build.0 = Release|iPhoneSimulator
		{025D1F9D-F8E5-42E2-9444-1178F0A9DB41}.Release|iPhoneSimulator.Deploy.0 = Release|iPhoneSimulator
		{A7F8E01F-81AE-46D3-8ADB-FB3D8FAB1F5F}.Ad-Hoc|Any CPU.ActiveCfg = Debug|Any CPU
		{A7F8E01F-81AE-46D3-8ADB-FB3D8FAB1F5F}.Ad-Hoc|Any CPU.Build.0 = Debug|Any CPU
		{A7F8E01F-81AE-46D3-8ADB-FB3D8FAB1F5F}.Ad-Hoc|Any CPU.Deploy.0 = Debug|Any CPU
		{A7F8E01F-81AE-46D3-8ADB-FB3D8FAB1F5F}.Ad-Hoc|iPhone.ActiveCfg = Debug|Any CPU
		{A7F8E01F-81AE-46D3-8ADB-FB3D8FAB1F5F}.Ad-Hoc|iPhone.Build.0 = Debug|Any CPU
		{A7F8E01F-81AE-46D3-8ADB-FB3D8FAB1F5F}.Ad-Hoc|iPhone.Deploy.0 = Debug|Any CPU
		{A7F8E01F-81AE-46D3-8ADB-FB3D8FAB1F5F}.Ad-Hoc|iPhoneSimulator.ActiveCfg = Debug|Any CPU
		{A7F8E01F-81AE-46D3-8ADB-FB3D8FAB1F5F}.Ad-Hoc|iPhoneSimulator.Build.0 = Debug|Any CPU
		{A7F8E01F-81AE-46D3-8ADB-FB3D8FAB1F5F}.Ad-Hoc|iPhoneSimulator.Deploy.0 = Debug|Any CPU
		{A7F8E01F-81AE-46D3-8ADB-FB3D8FAB1F5F}.AppStore|Any CPU.ActiveCfg = Debug|Any CPU
		{A7F8E01F-81AE-46D3-8ADB-FB3D8FAB1F5F}.AppStore|Any CPU.Build.0 = Debug|Any CPU
		{A7F8E01F-81AE-46D3-8ADB-FB3D8FAB1F5F}.AppStore|Any CPU.Deploy.0 = Debug|Any CPU
		{A7F8E01F-81AE-46D3-8ADB-FB3D8FAB1F5F}.AppStore|iPhone.ActiveCfg = Debug|Any CPU
		{A7F8E01F-81AE-46D3-8ADB-FB3D8FAB1F5F}.AppStore|iPhone.Build.0 = Debug|Any CPU
		{A7F8E01F-81AE-46D3-8ADB-FB3D8FAB1F5F}.AppStore|iPhone.Deploy.0 = Debug|Any CPU
		{A7F8E01F-81AE-46D3-8ADB-FB3D8FAB1F5F}.AppStore|iPhoneSimulator.ActiveCfg = Debug|Any CPU
		{A7F8E01F-81AE-46D3-8ADB-FB3D8FAB1F5F}.AppStore|iPhoneSimulator.Build.0 = Debug|Any CPU
		{A7F8E01F-81AE-46D3-8ADB-FB3D8FAB1F5F}.AppStore|iPhoneSimulator.Deploy.0 = Debug|Any CPU
		{A7F8E01F-81AE-46D3-8ADB-FB3D8FAB1F5F}.Debug|Any CPU.ActiveCfg = Debug|Any CPU
		{A7F8E01F-81AE-46D3-8ADB-FB3D8FAB1F5F}.Debug|Any CPU.Build.0 = Debug|Any CPU
		{A7F8E01F-81AE-46D3-8ADB-FB3D8FAB1F5F}.Debug|Any CPU.Deploy.0 = Debug|Any CPU
		{A7F8E01F-81AE-46D3-8ADB-FB3D8FAB1F5F}.Debug|iPhone.ActiveCfg = Debug|Any CPU
		{A7F8E01F-81AE-46D3-8ADB-FB3D8FAB1F5F}.Debug|iPhone.Build.0 = Debug|Any CPU
		{A7F8E01F-81AE-46D3-8ADB-FB3D8FAB1F5F}.Debug|iPhone.Deploy.0 = Debug|Any CPU
		{A7F8E01F-81AE-46D3-8ADB-FB3D8FAB1F5F}.Debug|iPhoneSimulator.ActiveCfg = Debug|Any CPU
		{A7F8E01F-81AE-46D3-8ADB-FB3D8FAB1F5F}.Debug|iPhoneSimulator.Build.0 = Debug|Any CPU
		{A7F8E01F-81AE-46D3-8ADB-FB3D8FAB1F5F}.Debug|iPhoneSimulator.Deploy.0 = Debug|Any CPU
		{A7F8E01F-81AE-46D3-8ADB-FB3D8FAB1F5F}.Release|Any CPU.ActiveCfg = Release|Any CPU
		{A7F8E01F-81AE-46D3-8ADB-FB3D8FAB1F5F}.Release|Any CPU.Build.0 = Release|Any CPU
		{A7F8E01F-81AE-46D3-8ADB-FB3D8FAB1F5F}.Release|Any CPU.Deploy.0 = Release|Any CPU
		{A7F8E01F-81AE-46D3-8ADB-FB3D8FAB1F5F}.Release|iPhone.ActiveCfg = Release|Any CPU
		{A7F8E01F-81AE-46D3-8ADB-FB3D8FAB1F5F}.Release|iPhone.Build.0 = Release|Any CPU
		{A7F8E01F-81AE-46D3-8ADB-FB3D8FAB1F5F}.Release|iPhone.Deploy.0 = Release|Any CPU
		{A7F8E01F-81AE-46D3-8ADB-FB3D8FAB1F5F}.Release|iPhoneSimulator.ActiveCfg = Release|Any CPU
		{A7F8E01F-81AE-46D3-8ADB-FB3D8FAB1F5F}.Release|iPhoneSimulator.Build.0 = Release|Any CPU
		{A7F8E01F-81AE-46D3-8ADB-FB3D8FAB1F5F}.Release|iPhoneSimulator.Deploy.0 = Release|Any CPU
		{DCA504DB-F2C7-46A5-9964-4450EE860C82}.Ad-Hoc|Any CPU.ActiveCfg = Release|Any CPU
		{DCA504DB-F2C7-46A5-9964-4450EE860C82}.Ad-Hoc|Any CPU.Build.0 = Release|Any CPU
		{DCA504DB-F2C7-46A5-9964-4450EE860C82}.Ad-Hoc|iPhone.ActiveCfg = Release|Any CPU
		{DCA504DB-F2C7-46A5-9964-4450EE860C82}.Ad-Hoc|iPhone.Build.0 = Release|Any CPU
		{DCA504DB-F2C7-46A5-9964-4450EE860C82}.Ad-Hoc|iPhoneSimulator.ActiveCfg = Release|Any CPU
		{DCA504DB-F2C7-46A5-9964-4450EE860C82}.Ad-Hoc|iPhoneSimulator.Build.0 = Release|Any CPU
		{DCA504DB-F2C7-46A5-9964-4450EE860C82}.AppStore|Any CPU.ActiveCfg = Release|Any CPU
		{DCA504DB-F2C7-46A5-9964-4450EE860C82}.AppStore|Any CPU.Build.0 = Release|Any CPU
		{DCA504DB-F2C7-46A5-9964-4450EE860C82}.AppStore|iPhone.ActiveCfg = Release|Any CPU
		{DCA504DB-F2C7-46A5-9964-4450EE860C82}.AppStore|iPhone.Build.0 = Release|Any CPU
		{DCA504DB-F2C7-46A5-9964-4450EE860C82}.AppStore|iPhoneSimulator.ActiveCfg = Release|Any CPU
		{DCA504DB-F2C7-46A5-9964-4450EE860C82}.AppStore|iPhoneSimulator.Build.0 = Release|Any CPU
		{DCA504DB-F2C7-46A5-9964-4450EE860C82}.Debug|Any CPU.ActiveCfg = Debug|Any CPU
		{DCA504DB-F2C7-46A5-9964-4450EE860C82}.Debug|Any CPU.Build.0 = Debug|Any CPU
		{DCA504DB-F2C7-46A5-9964-4450EE860C82}.Debug|iPhone.ActiveCfg = Debug|Any CPU
		{DCA504DB-F2C7-46A5-9964-4450EE860C82}.Debug|iPhone.Build.0 = Debug|Any CPU
		{DCA504DB-F2C7-46A5-9964-4450EE860C82}.Debug|iPhoneSimulator.ActiveCfg = Debug|Any CPU
		{DCA504DB-F2C7-46A5-9964-4450EE860C82}.Debug|iPhoneSimulator.Build.0 = Debug|Any CPU
		{DCA504DB-F2C7-46A5-9964-4450EE860C82}.Release|Any CPU.ActiveCfg = Release|Any CPU
		{DCA504DB-F2C7-46A5-9964-4450EE860C82}.Release|Any CPU.Build.0 = Release|Any CPU
		{DCA504DB-F2C7-46A5-9964-4450EE860C82}.Release|iPhone.ActiveCfg = Release|Any CPU
		{DCA504DB-F2C7-46A5-9964-4450EE860C82}.Release|iPhone.Build.0 = Release|Any CPU
		{DCA504DB-F2C7-46A5-9964-4450EE860C82}.Release|iPhoneSimulator.ActiveCfg = Release|Any CPU
		{DCA504DB-F2C7-46A5-9964-4450EE860C82}.Release|iPhoneSimulator.Build.0 = Release|Any CPU
		{1E24C041-9B92-4486-9764-74107C34AA4C}.Ad-Hoc|Any CPU.ActiveCfg = Release|Any CPU
		{1E24C041-9B92-4486-9764-74107C34AA4C}.Ad-Hoc|Any CPU.Build.0 = Release|Any CPU
		{1E24C041-9B92-4486-9764-74107C34AA4C}.Ad-Hoc|iPhone.ActiveCfg = Release|Any CPU
		{1E24C041-9B92-4486-9764-74107C34AA4C}.Ad-Hoc|iPhone.Build.0 = Release|Any CPU
		{1E24C041-9B92-4486-9764-74107C34AA4C}.Ad-Hoc|iPhoneSimulator.ActiveCfg = Release|Any CPU
		{1E24C041-9B92-4486-9764-74107C34AA4C}.Ad-Hoc|iPhoneSimulator.Build.0 = Release|Any CPU
		{1E24C041-9B92-4486-9764-74107C34AA4C}.AppStore|Any CPU.ActiveCfg = Release|Any CPU
		{1E24C041-9B92-4486-9764-74107C34AA4C}.AppStore|Any CPU.Build.0 = Release|Any CPU
		{1E24C041-9B92-4486-9764-74107C34AA4C}.AppStore|iPhone.ActiveCfg = Release|Any CPU
		{1E24C041-9B92-4486-9764-74107C34AA4C}.AppStore|iPhone.Build.0 = Release|Any CPU
		{1E24C041-9B92-4486-9764-74107C34AA4C}.AppStore|iPhoneSimulator.ActiveCfg = Release|Any CPU
		{1E24C041-9B92-4486-9764-74107C34AA4C}.AppStore|iPhoneSimulator.Build.0 = Release|Any CPU
		{1E24C041-9B92-4486-9764-74107C34AA4C}.Debug|Any CPU.ActiveCfg = Debug|Any CPU
		{1E24C041-9B92-4486-9764-74107C34AA4C}.Debug|Any CPU.Build.0 = Debug|Any CPU
		{1E24C041-9B92-4486-9764-74107C34AA4C}.Debug|iPhone.ActiveCfg = Debug|Any CPU
		{1E24C041-9B92-4486-9764-74107C34AA4C}.Debug|iPhone.Build.0 = Debug|Any CPU
		{1E24C041-9B92-4486-9764-74107C34AA4C}.Debug|iPhoneSimulator.ActiveCfg = Debug|Any CPU
		{1E24C041-9B92-4486-9764-74107C34AA4C}.Debug|iPhoneSimulator.Build.0 = Debug|Any CPU
		{1E24C041-9B92-4486-9764-74107C34AA4C}.Release|Any CPU.ActiveCfg = Release|Any CPU
		{1E24C041-9B92-4486-9764-74107C34AA4C}.Release|Any CPU.Build.0 = Release|Any CPU
		{1E24C041-9B92-4486-9764-74107C34AA4C}.Release|iPhone.ActiveCfg = Release|Any CPU
		{1E24C041-9B92-4486-9764-74107C34AA4C}.Release|iPhone.Build.0 = Release|Any CPU
		{1E24C041-9B92-4486-9764-74107C34AA4C}.Release|iPhoneSimulator.ActiveCfg = Release|Any CPU
		{1E24C041-9B92-4486-9764-74107C34AA4C}.Release|iPhoneSimulator.Build.0 = Release|Any CPU
		{E8600AFE-31A6-4C92-ACFB-B12CA07C4F07}.Ad-Hoc|Any CPU.ActiveCfg = Release|Any CPU
		{E8600AFE-31A6-4C92-ACFB-B12CA07C4F07}.Ad-Hoc|Any CPU.Build.0 = Release|Any CPU
		{E8600AFE-31A6-4C92-ACFB-B12CA07C4F07}.Ad-Hoc|iPhone.ActiveCfg = Release|Any CPU
		{E8600AFE-31A6-4C92-ACFB-B12CA07C4F07}.Ad-Hoc|iPhone.Build.0 = Release|Any CPU
		{E8600AFE-31A6-4C92-ACFB-B12CA07C4F07}.Ad-Hoc|iPhoneSimulator.ActiveCfg = Release|Any CPU
		{E8600AFE-31A6-4C92-ACFB-B12CA07C4F07}.Ad-Hoc|iPhoneSimulator.Build.0 = Release|Any CPU
		{E8600AFE-31A6-4C92-ACFB-B12CA07C4F07}.AppStore|Any CPU.ActiveCfg = Release|Any CPU
		{E8600AFE-31A6-4C92-ACFB-B12CA07C4F07}.AppStore|Any CPU.Build.0 = Release|Any CPU
		{E8600AFE-31A6-4C92-ACFB-B12CA07C4F07}.AppStore|iPhone.ActiveCfg = Release|Any CPU
		{E8600AFE-31A6-4C92-ACFB-B12CA07C4F07}.AppStore|iPhone.Build.0 = Release|Any CPU
		{E8600AFE-31A6-4C92-ACFB-B12CA07C4F07}.AppStore|iPhoneSimulator.ActiveCfg = Release|Any CPU
		{E8600AFE-31A6-4C92-ACFB-B12CA07C4F07}.AppStore|iPhoneSimulator.Build.0 = Release|Any CPU
		{E8600AFE-31A6-4C92-ACFB-B12CA07C4F07}.Debug|Any CPU.ActiveCfg = Debug|Any CPU
		{E8600AFE-31A6-4C92-ACFB-B12CA07C4F07}.Debug|Any CPU.Build.0 = Debug|Any CPU
		{E8600AFE-31A6-4C92-ACFB-B12CA07C4F07}.Debug|iPhone.ActiveCfg = Debug|Any CPU
		{E8600AFE-31A6-4C92-ACFB-B12CA07C4F07}.Debug|iPhone.Build.0 = Debug|Any CPU
		{E8600AFE-31A6-4C92-ACFB-B12CA07C4F07}.Debug|iPhoneSimulator.ActiveCfg = Debug|Any CPU
		{E8600AFE-31A6-4C92-ACFB-B12CA07C4F07}.Debug|iPhoneSimulator.Build.0 = Debug|Any CPU
		{E8600AFE-31A6-4C92-ACFB-B12CA07C4F07}.Release|Any CPU.ActiveCfg = Release|Any CPU
		{E8600AFE-31A6-4C92-ACFB-B12CA07C4F07}.Release|Any CPU.Build.0 = Release|Any CPU
		{E8600AFE-31A6-4C92-ACFB-B12CA07C4F07}.Release|iPhone.ActiveCfg = Release|Any CPU
		{E8600AFE-31A6-4C92-ACFB-B12CA07C4F07}.Release|iPhone.Build.0 = Release|Any CPU
		{E8600AFE-31A6-4C92-ACFB-B12CA07C4F07}.Release|iPhoneSimulator.ActiveCfg = Release|Any CPU
		{E8600AFE-31A6-4C92-ACFB-B12CA07C4F07}.Release|iPhoneSimulator.Build.0 = Release|Any CPU
		{A3206B40-7318-4D0D-96BE-1884CE4AD4C3}.Ad-Hoc|Any CPU.ActiveCfg = Release|Any CPU
		{A3206B40-7318-4D0D-96BE-1884CE4AD4C3}.Ad-Hoc|Any CPU.Build.0 = Release|Any CPU
		{A3206B40-7318-4D0D-96BE-1884CE4AD4C3}.Ad-Hoc|iPhone.ActiveCfg = Release|Any CPU
		{A3206B40-7318-4D0D-96BE-1884CE4AD4C3}.Ad-Hoc|iPhone.Build.0 = Release|Any CPU
		{A3206B40-7318-4D0D-96BE-1884CE4AD4C3}.Ad-Hoc|iPhoneSimulator.ActiveCfg = Release|Any CPU
		{A3206B40-7318-4D0D-96BE-1884CE4AD4C3}.Ad-Hoc|iPhoneSimulator.Build.0 = Release|Any CPU
		{A3206B40-7318-4D0D-96BE-1884CE4AD4C3}.AppStore|Any CPU.ActiveCfg = Release|Any CPU
		{A3206B40-7318-4D0D-96BE-1884CE4AD4C3}.AppStore|Any CPU.Build.0 = Release|Any CPU
		{A3206B40-7318-4D0D-96BE-1884CE4AD4C3}.AppStore|iPhone.ActiveCfg = Release|Any CPU
		{A3206B40-7318-4D0D-96BE-1884CE4AD4C3}.AppStore|iPhone.Build.0 = Release|Any CPU
		{A3206B40-7318-4D0D-96BE-1884CE4AD4C3}.AppStore|iPhoneSimulator.ActiveCfg = Release|Any CPU
		{A3206B40-7318-4D0D-96BE-1884CE4AD4C3}.AppStore|iPhoneSimulator.Build.0 = Release|Any CPU
		{A3206B40-7318-4D0D-96BE-1884CE4AD4C3}.Debug|Any CPU.ActiveCfg = Debug|Any CPU
		{A3206B40-7318-4D0D-96BE-1884CE4AD4C3}.Debug|Any CPU.Build.0 = Debug|Any CPU
		{A3206B40-7318-4D0D-96BE-1884CE4AD4C3}.Debug|iPhone.ActiveCfg = Debug|Any CPU
		{A3206B40-7318-4D0D-96BE-1884CE4AD4C3}.Debug|iPhone.Build.0 = Debug|Any CPU
		{A3206B40-7318-4D0D-96BE-1884CE4AD4C3}.Debug|iPhoneSimulator.ActiveCfg = Debug|Any CPU
		{A3206B40-7318-4D0D-96BE-1884CE4AD4C3}.Debug|iPhoneSimulator.Build.0 = Debug|Any CPU
		{A3206B40-7318-4D0D-96BE-1884CE4AD4C3}.Release|Any CPU.ActiveCfg = Release|Any CPU
		{A3206B40-7318-4D0D-96BE-1884CE4AD4C3}.Release|Any CPU.Build.0 = Release|Any CPU
		{A3206B40-7318-4D0D-96BE-1884CE4AD4C3}.Release|iPhone.ActiveCfg = Release|Any CPU
		{A3206B40-7318-4D0D-96BE-1884CE4AD4C3}.Release|iPhone.Build.0 = Release|Any CPU
		{A3206B40-7318-4D0D-96BE-1884CE4AD4C3}.Release|iPhoneSimulator.ActiveCfg = Release|Any CPU
		{A3206B40-7318-4D0D-96BE-1884CE4AD4C3}.Release|iPhoneSimulator.Build.0 = Release|Any CPU
	EndGlobalSection
	GlobalSection(SolutionProperties) = preSolution
		HideSolutionNode = FALSE
	EndGlobalSection
	GlobalSection(ExtensibilityGlobals) = postSolution
		SolutionGuid = {D1AB0B33-33E3-4DD3-8223-64DA75701AB1}
	EndGlobalSection
EndGlobal
